// !$*UTF8*$!
{
	archiveVersion = 1;
	classes = {
	};
	objectVersion = 55;
	objects = {

/* Begin PBXBuildFile section */
		7C0032D027B4D257007E37D0 /* Planner+AccomplishmentsView.swift in Sources */ = {isa = PBXBuildFile; fileRef = 7C0032CF27B4D257007E37D0 /* Planner+AccomplishmentsView.swift */; };
		7C034B712948DC3C0069B46D /* EventKitRemindersTracker.swift in Sources */ = {isa = PBXBuildFile; fileRef = 7C034B702948DC3C0069B46D /* EventKitRemindersTracker.swift */; };
		7C034B742948E7BC0069B46D /* EventKitReminderWatcher.swift in Sources */ = {isa = PBXBuildFile; fileRef = 7C034B732948E7BC0069B46D /* EventKitReminderWatcher.swift */; };
		7C034B752949EF5F0069B46D /* Header.swift in Sources */ = {isa = PBXBuildFile; fileRef = 7CA682CC29466C5700BD6D12 /* Header.swift */; };
		7C034B772949EF920069B46D /* Animation+Constants.swift in Sources */ = {isa = PBXBuildFile; fileRef = 7C66162E27BD4F24000AC97A /* Animation+Constants.swift */; };
		7C034B7A294A00F40069B46D /* GoalView.swift in Sources */ = {isa = PBXBuildFile; fileRef = 7C4707BB27B614D70080B419 /* GoalView.swift */; };
		7C034B7C294A03D40069B46D /* Color+Constants.swift in Sources */ = {isa = PBXBuildFile; fileRef = 7C034B7B294A03D40069B46D /* Color+Constants.swift */; };
		7C034B7D294A03D40069B46D /* Color+Constants.swift in Sources */ = {isa = PBXBuildFile; fileRef = 7C034B7B294A03D40069B46D /* Color+Constants.swift */; };
		7C034B7E294A03D40069B46D /* Color+Constants.swift in Sources */ = {isa = PBXBuildFile; fileRef = 7C034B7B294A03D40069B46D /* Color+Constants.swift */; };
		7C034B7F294A10AF0069B46D /* CountedRows.swift in Sources */ = {isa = PBXBuildFile; fileRef = 7C4EC7A927BE7C7300DF0F8D /* CountedRows.swift */; };
		7C034B83294A12360069B46D /* Planner+WatchPlanView.swift in Sources */ = {isa = PBXBuildFile; fileRef = 7C034B80294A12360069B46D /* Planner+WatchPlanView.swift */; };
		7C034B85294A1D4F0069B46D /* WatchToDoEditorView.swift in Sources */ = {isa = PBXBuildFile; fileRef = 7C034B84294A1D4F0069B46D /* WatchToDoEditorView.swift */; };
		7C0A092427B3854000F2C688 /* Planner+PlannerView.swift in Sources */ = {isa = PBXBuildFile; fileRef = 7C0A092327B3854000F2C688 /* Planner+PlannerView.swift */; };
		7C0FA59D2944D61000E8C88E /* XCTest+AsynAwait.swift in Sources */ = {isa = PBXBuildFile; fileRef = 7C0FA59C2944D61000E8C88E /* XCTest+AsynAwait.swift */; };
		7C0FA5A22944F44300E8C88E /* TestingFlags.swift in Sources */ = {isa = PBXBuildFile; fileRef = 7C0FA5A12944F44300E8C88E /* TestingFlags.swift */; };
		7C0FA5A42944FF5A00E8C88E /* ReminderPicker.swift in Sources */ = {isa = PBXBuildFile; fileRef = 7C0FA5A32944FF5A00E8C88E /* ReminderPicker.swift */; };
		7C0FA5A6294507E700E8C88E /* EventKitReminderLister.swift in Sources */ = {isa = PBXBuildFile; fileRef = 7C0FA5A5294507E700E8C88E /* EventKitReminderLister.swift */; };
		7C0FA5AC2945510D00E8C88E /* ExternalGoalServiceUpdater.swift in Sources */ = {isa = PBXBuildFile; fileRef = 7C0FA5AB2945510D00E8C88E /* ExternalGoalServiceUpdater.swift */; };
		7C0FA5AE2945519000E8C88E /* ExternalGoalServiceUpdaterTests.swift in Sources */ = {isa = PBXBuildFile; fileRef = 7C0FA5AD2945519000E8C88E /* ExternalGoalServiceUpdaterTests.swift */; };
		7C0FA5B02945601100E8C88E /* EventKitGoalService.swift in Sources */ = {isa = PBXBuildFile; fileRef = 7C0FA5AF2945601100E8C88E /* EventKitGoalService.swift */; };
		7C4707BC27B614D70080B419 /* GoalView.swift in Sources */ = {isa = PBXBuildFile; fileRef = 7C4707BB27B614D70080B419 /* GoalView.swift */; };
		7C4EC7A727BE714400DF0F8D /* AppModel.swift in Sources */ = {isa = PBXBuildFile; fileRef = 7C4EC7A627BE714400DF0F8D /* AppModel.swift */; };
		7C4EC7AA27BE7C7300DF0F8D /* CountedRows.swift in Sources */ = {isa = PBXBuildFile; fileRef = 7C4EC7A927BE7C7300DF0F8D /* CountedRows.swift */; };
		7C66162F27BD4F24000AC97A /* Animation+Constants.swift in Sources */ = {isa = PBXBuildFile; fileRef = 7C66162E27BD4F24000AC97A /* Animation+Constants.swift */; };
		7C66163227BDC340000AC97A /* PlanArchiver.swift in Sources */ = {isa = PBXBuildFile; fileRef = 7C66163127BDC340000AC97A /* PlanArchiver.swift */; };
		7C66163727BDC8CD000AC97A /* UserDefaults+Codable.swift in Sources */ = {isa = PBXBuildFile; fileRef = 7C66163627BDC8CD000AC97A /* UserDefaults+Codable.swift */; };
		7C89F52527B4CDCD0033B8ED /* AccomplishmentsView.swift in Sources */ = {isa = PBXBuildFile; fileRef = 7C89F52427B4CDCD0033B8ED /* AccomplishmentsView.swift */; };
		7C9930F4299E68B000544696 /* EventKitReminderLister+ReminderPickerViewModel.swift in Sources */ = {isa = PBXBuildFile; fileRef = 7C9930F3299E68B000544696 /* EventKitReminderLister+ReminderPickerViewModel.swift */; };
		7CA22B702944A9AD007B404D /* JSONCompletionLogArchive.swift in Sources */ = {isa = PBXBuildFile; fileRef = 7CA22B6F2944A9AD007B404D /* JSONCompletionLogArchive.swift */; };
		7CA22B722944AA27007B404D /* JSONCompletionLogArchiveTests.swift in Sources */ = {isa = PBXBuildFile; fileRef = 7CA22B712944AA27007B404D /* JSONCompletionLogArchiveTests.swift */; };
		7CA259B0294B3F14008B26B8 /* Dictionary+Codable.swift in Sources */ = {isa = PBXBuildFile; fileRef = 7CA259AF294B3F14008B26B8 /* Dictionary+Codable.swift */; };
		7CA259B1294B3F14008B26B8 /* Dictionary+Codable.swift in Sources */ = {isa = PBXBuildFile; fileRef = 7CA259AF294B3F14008B26B8 /* Dictionary+Codable.swift */; };
		7CA259E0294B6C64008B26B8 /* WidgetSummationView.swift in Sources */ = {isa = PBXBuildFile; fileRef = 7CA259DF294B6C64008B26B8 /* WidgetSummationView.swift */; };
		7CA259E1294B6D23008B26B8 /* Header.swift in Sources */ = {isa = PBXBuildFile; fileRef = 7CA682CC29466C5700BD6D12 /* Header.swift */; };
		7CA259E3294B6D61008B26B8 /* Planner+WidgetSummationView.swift in Sources */ = {isa = PBXBuildFile; fileRef = 7CA259E2294B6D61008B26B8 /* Planner+WidgetSummationView.swift */; };
		7CA259E7294B79EA008B26B8 /* WatchSummationView.swift in Sources */ = {isa = PBXBuildFile; fileRef = 7CA259E6294B79EA008B26B8 /* WatchSummationView.swift */; };
		7CA259E8294B7A55008B26B8 /* GraphicSummary.swift in Sources */ = {isa = PBXBuildFile; fileRef = 7CD01E92294A7DDE00C4ADC5 /* GraphicSummary.swift */; };
		7CA259E9294B7A70008B26B8 /* Planner+GraphicSummary.swift in Sources */ = {isa = PBXBuildFile; fileRef = 7CD01E96294A80CB00C4ADC5 /* Planner+GraphicSummary.swift */; };
		7CA68298294633DD00BD6D12 /* WidgetKit.framework in Frameworks */ = {isa = PBXBuildFile; fileRef = 7CA68297294633DD00BD6D12 /* WidgetKit.framework */; };
		7CA6829A294633DD00BD6D12 /* SwiftUI.framework in Frameworks */ = {isa = PBXBuildFile; fileRef = 7CA68299294633DD00BD6D12 /* SwiftUI.framework */; };
		7CA6829D294633DD00BD6D12 /* The_Big_3_Widgets.swift in Sources */ = {isa = PBXBuildFile; fileRef = 7CA6829C294633DD00BD6D12 /* The_Big_3_Widgets.swift */; };
		7CA682A0294633DF00BD6D12 /* Assets.xcassets in Resources */ = {isa = PBXBuildFile; fileRef = 7CA6829F294633DF00BD6D12 /* Assets.xcassets */; };
		7CA682A2294633DF00BD6D12 /* The_Big_3_Widgets.intentdefinition in Sources */ = {isa = PBXBuildFile; fileRef = 7CA6829E294633DD00BD6D12 /* The_Big_3_Widgets.intentdefinition */; };
		7CA682A3294633DF00BD6D12 /* The_Big_3_Widgets.intentdefinition in Sources */ = {isa = PBXBuildFile; fileRef = 7CA6829E294633DD00BD6D12 /* The_Big_3_Widgets.intentdefinition */; };
		7CA682A6294633DF00BD6D12 /* The_Big_3_WidgetsExtension.appex in Embed Foundation Extensions */ = {isa = PBXBuildFile; fileRef = 7CA68295294633DD00BD6D12 /* The_Big_3_WidgetsExtension.appex */; settings = {ATTRIBUTES = (RemoveHeadersOnCopy, ); }; };
		7CA682AC2946352A00BD6D12 /* WidgetModel.swift in Sources */ = {isa = PBXBuildFile; fileRef = 7CA682AB2946352A00BD6D12 /* WidgetModel.swift */; };
		7CA682AD2946358300BD6D12 /* Planner.swift in Sources */ = {isa = PBXBuildFile; fileRef = 7CB8722427B33BF9009D5539 /* Planner.swift */; };
		7CA682AE2946358A00BD6D12 /* Plan.swift in Sources */ = {isa = PBXBuildFile; fileRef = 7CB8722927B33C36009D5539 /* Plan.swift */; };
		7CA682AF2946359500BD6D12 /* PlanArchiver.swift in Sources */ = {isa = PBXBuildFile; fileRef = 7C66163127BDC340000AC97A /* PlanArchiver.swift */; };
		7CA682B0294635BF00BD6D12 /* UserDefaults+Codable.swift in Sources */ = {isa = PBXBuildFile; fileRef = 7C66163627BDC8CD000AC97A /* UserDefaults+Codable.swift */; };
		7CA682B42946372A00BD6D12 /* WidgetTimelineProvider.swift in Sources */ = {isa = PBXBuildFile; fileRef = 7CA682B32946372A00BD6D12 /* WidgetTimelineProvider.swift */; };
		7CA682B62946380600BD6D12 /* WidgetView.swift in Sources */ = {isa = PBXBuildFile; fileRef = 7CA682B52946380600BD6D12 /* WidgetView.swift */; };
		7CA682B8294641E300BD6D12 /* WidgetPlanView.swift in Sources */ = {isa = PBXBuildFile; fileRef = 7CA682B7294641E300BD6D12 /* WidgetPlanView.swift */; };
		7CA682BA2946429500BD6D12 /* ModelConstants.swift in Sources */ = {isa = PBXBuildFile; fileRef = 7CA682B92946429500BD6D12 /* ModelConstants.swift */; };
		7CA682BC2946430E00BD6D12 /* ModelConstants.swift in Sources */ = {isa = PBXBuildFile; fileRef = 7CA682B92946429500BD6D12 /* ModelConstants.swift */; };
		7CA682BE2946456900BD6D12 /* Animation+Constants.swift in Sources */ = {isa = PBXBuildFile; fileRef = 7C66162E27BD4F24000AC97A /* Animation+Constants.swift */; };
		7CA682C1294645D600BD6D12 /* Planner+GoalView.swift in Sources */ = {isa = PBXBuildFile; fileRef = 7CA682C0294645D600BD6D12 /* Planner+GoalView.swift */; };
		7CA682C2294645EB00BD6D12 /* Planner+GoalView.swift in Sources */ = {isa = PBXBuildFile; fileRef = 7CA682C0294645D600BD6D12 /* Planner+GoalView.swift */; };
		7CA682C629464E6C00BD6D12 /* Plan+WidgetExamples.swift in Sources */ = {isa = PBXBuildFile; fileRef = 7CA682C529464E6C00BD6D12 /* Plan+WidgetExamples.swift */; };
		7CA682C82946546C00BD6D12 /* ViewConstants.swift in Sources */ = {isa = PBXBuildFile; fileRef = 7CA682C72946546C00BD6D12 /* ViewConstants.swift */; };
		7CA682C9294654A500BD6D12 /* ViewConstants.swift in Sources */ = {isa = PBXBuildFile; fileRef = 7CA682C72946546C00BD6D12 /* ViewConstants.swift */; };
		7CA682CB29465DD000BD6D12 /* PlanPromptWidgetView.swift in Sources */ = {isa = PBXBuildFile; fileRef = 7CA682CA29465DD000BD6D12 /* PlanPromptWidgetView.swift */; };
		7CA682CE29466CA400BD6D12 /* Header.swift in Sources */ = {isa = PBXBuildFile; fileRef = 7CA682CC29466C5700BD6D12 /* Header.swift */; };
		7CA682D729477CA500BD6D12 /* GoalView.swift in Sources */ = {isa = PBXBuildFile; fileRef = 7C4707BB27B614D70080B419 /* GoalView.swift */; };
		7CA683172947913C00BD6D12 /* The_Big_3_watchApp.swift in Sources */ = {isa = PBXBuildFile; fileRef = 7CA683162947913C00BD6D12 /* The_Big_3_watchApp.swift */; };
		7CA6831B2947913E00BD6D12 /* Assets.xcassets in Resources */ = {isa = PBXBuildFile; fileRef = 7CA6831A2947913E00BD6D12 /* Assets.xcassets */; };
		7CA6831E2947913E00BD6D12 /* Preview Assets.xcassets in Resources */ = {isa = PBXBuildFile; fileRef = 7CA6831D2947913E00BD6D12 /* Preview Assets.xcassets */; };
		7CA683262947921500BD6D12 /* TheBig3WatchView.swift in Sources */ = {isa = PBXBuildFile; fileRef = 7CA683232947921500BD6D12 /* TheBig3WatchView.swift */; };
		7CA683272947921500BD6D12 /* WatchModel.swift in Sources */ = {isa = PBXBuildFile; fileRef = 7CA683242947921500BD6D12 /* WatchModel.swift */; };
		7CA683282947921500BD6D12 /* NoPlanView.swift in Sources */ = {isa = PBXBuildFile; fileRef = 7CA683252947921500BD6D12 /* NoPlanView.swift */; };
		7CA6832B2947924200BD6D12 /* Plan.swift in Sources */ = {isa = PBXBuildFile; fileRef = 7CB8722927B33C36009D5539 /* Plan.swift */; };
		7CA6832C2947924200BD6D12 /* Planner.swift in Sources */ = {isa = PBXBuildFile; fileRef = 7CB8722427B33BF9009D5539 /* Planner.swift */; };
		7CA6832D2947924200BD6D12 /* PlanArchiver.swift in Sources */ = {isa = PBXBuildFile; fileRef = 7C66163127BDC340000AC97A /* PlanArchiver.swift */; };
		7CA6832E2947924900BD6D12 /* ModelConstants.swift in Sources */ = {isa = PBXBuildFile; fileRef = 7CA682B92946429500BD6D12 /* ModelConstants.swift */; };
		7CA6832F2947924E00BD6D12 /* UserDefaults+Codable.swift in Sources */ = {isa = PBXBuildFile; fileRef = 7C66163627BDC8CD000AC97A /* UserDefaults+Codable.swift */; };
		7CA6833129479A6900BD6D12 /* WatchSynchronizer.swift in Sources */ = {isa = PBXBuildFile; fileRef = 7CA6833029479A6900BD6D12 /* WatchSynchronizer.swift */; };
		7CA6833329479E0A00BD6D12 /* PhoneSynchonizer.swift in Sources */ = {isa = PBXBuildFile; fileRef = 7CA6833229479E0A00BD6D12 /* PhoneSynchonizer.swift */; };
		7CA683392947A63F00BD6D12 /* The_Big_3_watch Watch App.app in CopyFiles */ = {isa = PBXBuildFile; fileRef = 7CA683142947913C00BD6D12 /* The_Big_3_watch Watch App.app */; };
		7CA683432947ABBD00BD6D12 /* WatchPlanView.swift in Sources */ = {isa = PBXBuildFile; fileRef = 7CA683422947ABBD00BD6D12 /* WatchPlanView.swift */; };
		7CA683452947AC2100BD6D12 /* Planner+GoalView.swift in Sources */ = {isa = PBXBuildFile; fileRef = 7CA682C0294645D600BD6D12 /* Planner+GoalView.swift */; };
		7CA683472947B14000BD6D12 /* ViewConstants.swift in Sources */ = {isa = PBXBuildFile; fileRef = 7CA682C72946546C00BD6D12 /* ViewConstants.swift */; };
		7CA77F21290FFA4900DED944 /* CompletionLog.swift in Sources */ = {isa = PBXBuildFile; fileRef = 7CA77F20290FFA4900DED944 /* CompletionLog.swift */; };
		7CA77F23290FFA5D00DED944 /* CompletionLogTests.swift in Sources */ = {isa = PBXBuildFile; fileRef = 7CA77F22290FFA5D00DED944 /* CompletionLogTests.swift */; };
		7CB8720727B33A89009D5539 /* The_Big_3App.swift in Sources */ = {isa = PBXBuildFile; fileRef = 7CB871DF27B33A88009D5539 /* The_Big_3App.swift */; };
		7CB8720927B33A89009D5539 /* TheBig3View.swift in Sources */ = {isa = PBXBuildFile; fileRef = 7CB871E027B33A88009D5539 /* TheBig3View.swift */; };
		7CB8720B27B33A89009D5539 /* Assets.xcassets in Resources */ = {isa = PBXBuildFile; fileRef = 7CB871E127B33A89009D5539 /* Assets.xcassets */; };
		7CB8722527B33BF9009D5539 /* Planner.swift in Sources */ = {isa = PBXBuildFile; fileRef = 7CB8722427B33BF9009D5539 /* Planner.swift */; };
		7CB8722A27B33C36009D5539 /* Plan.swift in Sources */ = {isa = PBXBuildFile; fileRef = 7CB8722927B33C36009D5539 /* Plan.swift */; };
		7CB8724E27B33DFD009D5539 /* PlannerView.swift in Sources */ = {isa = PBXBuildFile; fileRef = 7CB8724D27B33DFD009D5539 /* PlannerView.swift */; };
		7CD01E89294A5D8E00C4ADC5 /* BrandedHeader.swift in Sources */ = {isa = PBXBuildFile; fileRef = 7CD01E88294A5D8E00C4ADC5 /* BrandedHeader.swift */; };
		7CD01E8A294A5D8E00C4ADC5 /* BrandedHeader.swift in Sources */ = {isa = PBXBuildFile; fileRef = 7CD01E88294A5D8E00C4ADC5 /* BrandedHeader.swift */; };
		7CD01E8D294A6C9600C4ADC5 /* SummationView.swift in Sources */ = {isa = PBXBuildFile; fileRef = 7CD01E8C294A6C9600C4ADC5 /* SummationView.swift */; };
		7CD01E90294A72F300C4ADC5 /* Planner+SummationView.swift in Sources */ = {isa = PBXBuildFile; fileRef = 7CD01E8F294A72F300C4ADC5 /* Planner+SummationView.swift */; };
		7CD01E93294A7DDE00C4ADC5 /* GraphicSummary.swift in Sources */ = {isa = PBXBuildFile; fileRef = 7CD01E92294A7DDE00C4ADC5 /* GraphicSummary.swift */; };
		7CD01E95294A809400C4ADC5 /* GraphicSummary.swift in Sources */ = {isa = PBXBuildFile; fileRef = 7CD01E92294A7DDE00C4ADC5 /* GraphicSummary.swift */; };
		7CD01E97294A80CB00C4ADC5 /* Planner+GraphicSummary.swift in Sources */ = {isa = PBXBuildFile; fileRef = 7CD01E96294A80CB00C4ADC5 /* Planner+GraphicSummary.swift */; };
		7CD01E99294A812500C4ADC5 /* Planner+GraphicSummary.swift in Sources */ = {isa = PBXBuildFile; fileRef = 7CD01E96294A80CB00C4ADC5 /* Planner+GraphicSummary.swift */; };
		7CD01E9D294A8B8400C4ADC5 /* BrandedHeader.swift in Sources */ = {isa = PBXBuildFile; fileRef = 7CD01E88294A5D8E00C4ADC5 /* BrandedHeader.swift */; };
		7CD547B627E6DC760009F9DD /* LogView.swift in Sources */ = {isa = PBXBuildFile; fileRef = 7CD547B527E6DC760009F9DD /* LogView.swift */; };
		7CDE2738290F512E00186BFD /* Planner+PlannerViewTests.swift in Sources */ = {isa = PBXBuildFile; fileRef = 7C0A092627B3857300F2C688 /* Planner+PlannerViewTests.swift */; };
		7CDE2739290F512E00186BFD /* PlannerTests.swift in Sources */ = {isa = PBXBuildFile; fileRef = 7CB8724A27B33D0E009D5539 /* PlannerTests.swift */; };
		7CDE273A290F512E00186BFD /* PlanTests.swift in Sources */ = {isa = PBXBuildFile; fileRef = 7CB8723927B33CB9009D5539 /* PlanTests.swift */; };
		7CDE273B290F512E00186BFD /* PlanArchiverTest.swift in Sources */ = {isa = PBXBuildFile; fileRef = 7C66163427BDC350000AC97A /* PlanArchiverTest.swift */; };
		7CDE273D290F526300186BFD /* XCTestCase+Combine.swift in Sources */ = {isa = PBXBuildFile; fileRef = 7CDE273C290F526300186BFD /* XCTestCase+Combine.swift */; };
		7CE7FBF3294A4CDD00F2496B /* group_id.txt in Resources */ = {isa = PBXBuildFile; fileRef = 7CE7FBF2294A4CDD00F2496B /* group_id.txt */; };
		7CE7FBF4294A4D7100F2496B /* group_id.txt in Resources */ = {isa = PBXBuildFile; fileRef = 7CE7FBF2294A4CDD00F2496B /* group_id.txt */; };
		7CE7FF552943D9AC00B177E2 /* LogEntryRow.swift in Sources */ = {isa = PBXBuildFile; fileRef = 7CE7FF542943D9AC00B177E2 /* LogEntryRow.swift */; };
		7CE7FF572943E4F500B177E2 /* CompletionLog+LogView.swift in Sources */ = {isa = PBXBuildFile; fileRef = 7CE7FF562943E4F500B177E2 /* CompletionLog+LogView.swift */; };
		7CEBDF44294CFA68000038C8 /* screenrecording_poster_frame.png in Resources */ = {isa = PBXBuildFile; fileRef = 7CEBDF43294CFA68000038C8 /* screenrecording_poster_frame.png */; };
/* End PBXBuildFile section */

/* Begin PBXContainerItemProxy section */
		7CA682A4294633DF00BD6D12 /* PBXContainerItemProxy */ = {
			isa = PBXContainerItemProxy;
			containerPortal = 7CB871DA27B33A88009D5539 /* Project object */;
			proxyType = 1;
			remoteGlobalIDString = 7CA68294294633DD00BD6D12;
			remoteInfo = The_Big_3_WidgetsExtension;
		};
		7CA683362947A5F600BD6D12 /* PBXContainerItemProxy */ = {
			isa = PBXContainerItemProxy;
			containerPortal = 7CB871DA27B33A88009D5539 /* Project object */;
			proxyType = 1;
			remoteGlobalIDString = 7CA683132947913C00BD6D12;
			remoteInfo = "The_Big_3_watch Watch App";
		};
		7CDE2733290F50EA00186BFD /* PBXContainerItemProxy */ = {
			isa = PBXContainerItemProxy;
			containerPortal = 7CB871DA27B33A88009D5539 /* Project object */;
			proxyType = 1;
			remoteGlobalIDString = 7CB871E527B33A89009D5539;
			remoteInfo = "The Big 3 (iOS)";
		};
/* End PBXContainerItemProxy section */

/* Begin PBXCopyFilesBuildPhase section */
		7CA682A7294633DF00BD6D12 /* Embed Foundation Extensions */ = {
			isa = PBXCopyFilesBuildPhase;
			buildActionMask = 2147483647;
			dstPath = "";
			dstSubfolderSpec = 13;
			files = (
				7CA682A6294633DF00BD6D12 /* The_Big_3_WidgetsExtension.appex in Embed Foundation Extensions */,
			);
			name = "Embed Foundation Extensions";
			runOnlyForDeploymentPostprocessing = 0;
		};
		7CA683382947A63100BD6D12 /* CopyFiles */ = {
			isa = PBXCopyFilesBuildPhase;
			buildActionMask = 2147483647;
			dstPath = "$(CONTENTS_FOLDER_PATH)/Watch";
			dstSubfolderSpec = 16;
			files = (
				7CA683392947A63F00BD6D12 /* The_Big_3_watch Watch App.app in CopyFiles */,
			);
			runOnlyForDeploymentPostprocessing = 0;
		};
/* End PBXCopyFilesBuildPhase section */

/* Begin PBXFileReference section */
		7C0032CF27B4D257007E37D0 /* Planner+AccomplishmentsView.swift */ = {isa = PBXFileReference; lastKnownFileType = sourcecode.swift; path = "Planner+AccomplishmentsView.swift"; sourceTree = "<group>"; };
		7C034B702948DC3C0069B46D /* EventKitRemindersTracker.swift */ = {isa = PBXFileReference; lastKnownFileType = sourcecode.swift; path = EventKitRemindersTracker.swift; sourceTree = "<group>"; };
		7C034B732948E7BC0069B46D /* EventKitReminderWatcher.swift */ = {isa = PBXFileReference; lastKnownFileType = sourcecode.swift; path = EventKitReminderWatcher.swift; sourceTree = "<group>"; };
		7C034B7B294A03D40069B46D /* Color+Constants.swift */ = {isa = PBXFileReference; lastKnownFileType = sourcecode.swift; path = "Color+Constants.swift"; sourceTree = "<group>"; };
		7C034B80294A12360069B46D /* Planner+WatchPlanView.swift */ = {isa = PBXFileReference; lastKnownFileType = sourcecode.swift; path = "Planner+WatchPlanView.swift"; sourceTree = "<group>"; };
		7C034B84294A1D4F0069B46D /* WatchToDoEditorView.swift */ = {isa = PBXFileReference; lastKnownFileType = sourcecode.swift; path = WatchToDoEditorView.swift; sourceTree = "<group>"; };
		7C0A092327B3854000F2C688 /* Planner+PlannerView.swift */ = {isa = PBXFileReference; lastKnownFileType = sourcecode.swift; path = "Planner+PlannerView.swift"; sourceTree = "<group>"; };
		7C0A092627B3857300F2C688 /* Planner+PlannerViewTests.swift */ = {isa = PBXFileReference; lastKnownFileType = sourcecode.swift; path = "Planner+PlannerViewTests.swift"; sourceTree = "<group>"; };
		7C0FA59C2944D61000E8C88E /* XCTest+AsynAwait.swift */ = {isa = PBXFileReference; lastKnownFileType = sourcecode.swift; path = "XCTest+AsynAwait.swift"; sourceTree = "<group>"; };
		7C0FA5A12944F44300E8C88E /* TestingFlags.swift */ = {isa = PBXFileReference; fileEncoding = 4; lastKnownFileType = sourcecode.swift; path = TestingFlags.swift; sourceTree = "<group>"; };
		7C0FA5A32944FF5A00E8C88E /* ReminderPicker.swift */ = {isa = PBXFileReference; lastKnownFileType = sourcecode.swift; path = ReminderPicker.swift; sourceTree = "<group>"; };
		7C0FA5A5294507E700E8C88E /* EventKitReminderLister.swift */ = {isa = PBXFileReference; lastKnownFileType = sourcecode.swift; path = EventKitReminderLister.swift; sourceTree = "<group>"; };
		7C0FA5AB2945510D00E8C88E /* ExternalGoalServiceUpdater.swift */ = {isa = PBXFileReference; lastKnownFileType = sourcecode.swift; path = ExternalGoalServiceUpdater.swift; sourceTree = "<group>"; };
		7C0FA5AD2945519000E8C88E /* ExternalGoalServiceUpdaterTests.swift */ = {isa = PBXFileReference; lastKnownFileType = sourcecode.swift; path = ExternalGoalServiceUpdaterTests.swift; sourceTree = "<group>"; };
		7C0FA5AF2945601100E8C88E /* EventKitGoalService.swift */ = {isa = PBXFileReference; lastKnownFileType = sourcecode.swift; path = EventKitGoalService.swift; sourceTree = "<group>"; };
		7C1E55B9298D541A00C64559 /* VERSIONS.md */ = {isa = PBXFileReference; lastKnownFileType = net.daringfireball.markdown; path = VERSIONS.md; sourceTree = "<group>"; };
		7C4707BB27B614D70080B419 /* GoalView.swift */ = {isa = PBXFileReference; lastKnownFileType = sourcecode.swift; path = GoalView.swift; sourceTree = "<group>"; };
		7C4EC7A627BE714400DF0F8D /* AppModel.swift */ = {isa = PBXFileReference; lastKnownFileType = sourcecode.swift; path = AppModel.swift; sourceTree = "<group>"; };
		7C4EC7A927BE7C7300DF0F8D /* CountedRows.swift */ = {isa = PBXFileReference; lastKnownFileType = sourcecode.swift; path = CountedRows.swift; sourceTree = "<group>"; };
		7C66162E27BD4F24000AC97A /* Animation+Constants.swift */ = {isa = PBXFileReference; lastKnownFileType = sourcecode.swift; path = "Animation+Constants.swift"; sourceTree = "<group>"; };
		7C66163127BDC340000AC97A /* PlanArchiver.swift */ = {isa = PBXFileReference; lastKnownFileType = sourcecode.swift; path = PlanArchiver.swift; sourceTree = "<group>"; };
		7C66163427BDC350000AC97A /* PlanArchiverTest.swift */ = {isa = PBXFileReference; lastKnownFileType = sourcecode.swift; path = PlanArchiverTest.swift; sourceTree = "<group>"; };
		7C66163627BDC8CD000AC97A /* UserDefaults+Codable.swift */ = {isa = PBXFileReference; fileEncoding = 4; lastKnownFileType = sourcecode.swift; path = "UserDefaults+Codable.swift"; sourceTree = "<group>"; };
		7C89F52427B4CDCD0033B8ED /* AccomplishmentsView.swift */ = {isa = PBXFileReference; lastKnownFileType = sourcecode.swift; path = AccomplishmentsView.swift; sourceTree = "<group>"; };
		7C9930F3299E68B000544696 /* EventKitReminderLister+ReminderPickerViewModel.swift */ = {isa = PBXFileReference; lastKnownFileType = sourcecode.swift; path = "EventKitReminderLister+ReminderPickerViewModel.swift"; sourceTree = "<group>"; };
		7CA22B6F2944A9AD007B404D /* JSONCompletionLogArchive.swift */ = {isa = PBXFileReference; lastKnownFileType = sourcecode.swift; path = JSONCompletionLogArchive.swift; sourceTree = "<group>"; };
		7CA22B712944AA27007B404D /* JSONCompletionLogArchiveTests.swift */ = {isa = PBXFileReference; lastKnownFileType = sourcecode.swift; path = JSONCompletionLogArchiveTests.swift; sourceTree = "<group>"; };
		7CA259AF294B3F14008B26B8 /* Dictionary+Codable.swift */ = {isa = PBXFileReference; lastKnownFileType = sourcecode.swift; path = "Dictionary+Codable.swift"; sourceTree = "<group>"; };
		7CA259DF294B6C64008B26B8 /* WidgetSummationView.swift */ = {isa = PBXFileReference; lastKnownFileType = sourcecode.swift; path = WidgetSummationView.swift; sourceTree = "<group>"; };
		7CA259E2294B6D61008B26B8 /* Planner+WidgetSummationView.swift */ = {isa = PBXFileReference; lastKnownFileType = sourcecode.swift; path = "Planner+WidgetSummationView.swift"; sourceTree = "<group>"; };
		7CA259E6294B79EA008B26B8 /* WatchSummationView.swift */ = {isa = PBXFileReference; lastKnownFileType = sourcecode.swift; name = WatchSummationView.swift; path = "The_Big_3_Watch Watch App/View/WatchSummationView.swift"; sourceTree = SOURCE_ROOT; };
		7CA68295294633DD00BD6D12 /* The_Big_3_WidgetsExtension.appex */ = {isa = PBXFileReference; explicitFileType = "wrapper.app-extension"; includeInIndex = 0; path = The_Big_3_WidgetsExtension.appex; sourceTree = BUILT_PRODUCTS_DIR; };
		7CA68297294633DD00BD6D12 /* WidgetKit.framework */ = {isa = PBXFileReference; lastKnownFileType = wrapper.framework; name = WidgetKit.framework; path = System/Library/Frameworks/WidgetKit.framework; sourceTree = SDKROOT; };
		7CA68299294633DD00BD6D12 /* SwiftUI.framework */ = {isa = PBXFileReference; lastKnownFileType = wrapper.framework; name = SwiftUI.framework; path = System/Library/Frameworks/SwiftUI.framework; sourceTree = SDKROOT; };
		7CA6829C294633DD00BD6D12 /* The_Big_3_Widgets.swift */ = {isa = PBXFileReference; lastKnownFileType = sourcecode.swift; path = The_Big_3_Widgets.swift; sourceTree = "<group>"; };
		7CA6829E294633DD00BD6D12 /* The_Big_3_Widgets.intentdefinition */ = {isa = PBXFileReference; lastKnownFileType = file.intentdefinition; path = The_Big_3_Widgets.intentdefinition; sourceTree = "<group>"; };
		7CA6829F294633DF00BD6D12 /* Assets.xcassets */ = {isa = PBXFileReference; lastKnownFileType = folder.assetcatalog; path = Assets.xcassets; sourceTree = "<group>"; };
		7CA682A1294633DF00BD6D12 /* Info.plist */ = {isa = PBXFileReference; lastKnownFileType = text.plist.xml; path = Info.plist; sourceTree = "<group>"; };
		7CA682AB2946352A00BD6D12 /* WidgetModel.swift */ = {isa = PBXFileReference; lastKnownFileType = sourcecode.swift; path = WidgetModel.swift; sourceTree = "<group>"; };
		7CA682B32946372A00BD6D12 /* WidgetTimelineProvider.swift */ = {isa = PBXFileReference; lastKnownFileType = sourcecode.swift; path = WidgetTimelineProvider.swift; sourceTree = "<group>"; };
		7CA682B52946380600BD6D12 /* WidgetView.swift */ = {isa = PBXFileReference; lastKnownFileType = sourcecode.swift; path = WidgetView.swift; sourceTree = "<group>"; };
		7CA682B7294641E300BD6D12 /* WidgetPlanView.swift */ = {isa = PBXFileReference; lastKnownFileType = sourcecode.swift; path = WidgetPlanView.swift; sourceTree = "<group>"; };
		7CA682B92946429500BD6D12 /* ModelConstants.swift */ = {isa = PBXFileReference; lastKnownFileType = sourcecode.swift; path = ModelConstants.swift; sourceTree = "<group>"; };
		7CA682C0294645D600BD6D12 /* Planner+GoalView.swift */ = {isa = PBXFileReference; lastKnownFileType = sourcecode.swift; path = "Planner+GoalView.swift"; sourceTree = "<group>"; };
		7CA682C3294648F700BD6D12 /* The Big 3 (iOS).entitlements */ = {isa = PBXFileReference; lastKnownFileType = text.plist.entitlements; path = "The Big 3 (iOS).entitlements"; sourceTree = "<group>"; };
		7CA682C42946491600BD6D12 /* The_Big_3_WidgetsExtension.entitlements */ = {isa = PBXFileReference; lastKnownFileType = text.plist.entitlements; path = The_Big_3_WidgetsExtension.entitlements; sourceTree = "<group>"; };
		7CA682C529464E6C00BD6D12 /* Plan+WidgetExamples.swift */ = {isa = PBXFileReference; lastKnownFileType = sourcecode.swift; path = "Plan+WidgetExamples.swift"; sourceTree = "<group>"; };
		7CA682C72946546C00BD6D12 /* ViewConstants.swift */ = {isa = PBXFileReference; lastKnownFileType = sourcecode.swift; path = ViewConstants.swift; sourceTree = "<group>"; };
		7CA682CA29465DD000BD6D12 /* PlanPromptWidgetView.swift */ = {isa = PBXFileReference; lastKnownFileType = sourcecode.swift; path = PlanPromptWidgetView.swift; sourceTree = "<group>"; };
		7CA682CC29466C5700BD6D12 /* Header.swift */ = {isa = PBXFileReference; lastKnownFileType = sourcecode.swift; path = Header.swift; sourceTree = "<group>"; };
		7CA683142947913C00BD6D12 /* The_Big_3_watch Watch App.app */ = {isa = PBXFileReference; explicitFileType = wrapper.application; includeInIndex = 0; path = "The_Big_3_watch Watch App.app"; sourceTree = BUILT_PRODUCTS_DIR; };
		7CA683162947913C00BD6D12 /* The_Big_3_watchApp.swift */ = {isa = PBXFileReference; lastKnownFileType = sourcecode.swift; path = The_Big_3_watchApp.swift; sourceTree = "<group>"; };
		7CA6831A2947913E00BD6D12 /* Assets.xcassets */ = {isa = PBXFileReference; lastKnownFileType = folder.assetcatalog; path = Assets.xcassets; sourceTree = "<group>"; };
		7CA6831D2947913E00BD6D12 /* Preview Assets.xcassets */ = {isa = PBXFileReference; lastKnownFileType = folder.assetcatalog; path = "Preview Assets.xcassets"; sourceTree = "<group>"; };
		7CA683222947915700BD6D12 /* The_Big_3_watch Watch App.entitlements */ = {isa = PBXFileReference; lastKnownFileType = text.plist.entitlements; path = "The_Big_3_watch Watch App.entitlements"; sourceTree = "<group>"; };
		7CA683232947921500BD6D12 /* TheBig3WatchView.swift */ = {isa = PBXFileReference; fileEncoding = 4; lastKnownFileType = sourcecode.swift; path = TheBig3WatchView.swift; sourceTree = "<group>"; };
		7CA683242947921500BD6D12 /* WatchModel.swift */ = {isa = PBXFileReference; fileEncoding = 4; lastKnownFileType = sourcecode.swift; path = WatchModel.swift; sourceTree = "<group>"; };
		7CA683252947921500BD6D12 /* NoPlanView.swift */ = {isa = PBXFileReference; fileEncoding = 4; lastKnownFileType = sourcecode.swift; path = NoPlanView.swift; sourceTree = "<group>"; };
		7CA6833029479A6900BD6D12 /* WatchSynchronizer.swift */ = {isa = PBXFileReference; lastKnownFileType = sourcecode.swift; path = WatchSynchronizer.swift; sourceTree = "<group>"; };
		7CA6833229479E0A00BD6D12 /* PhoneSynchonizer.swift */ = {isa = PBXFileReference; lastKnownFileType = sourcecode.swift; path = PhoneSynchonizer.swift; sourceTree = "<group>"; };
		7CA683422947ABBD00BD6D12 /* WatchPlanView.swift */ = {isa = PBXFileReference; lastKnownFileType = sourcecode.swift; path = WatchPlanView.swift; sourceTree = "<group>"; };
		7CA77F20290FFA4900DED944 /* CompletionLog.swift */ = {isa = PBXFileReference; lastKnownFileType = sourcecode.swift; path = CompletionLog.swift; sourceTree = "<group>"; };
		7CA77F22290FFA5D00DED944 /* CompletionLogTests.swift */ = {isa = PBXFileReference; lastKnownFileType = sourcecode.swift; path = CompletionLogTests.swift; sourceTree = "<group>"; };
		7CB871DF27B33A88009D5539 /* The_Big_3App.swift */ = {isa = PBXFileReference; lastKnownFileType = sourcecode.swift; path = The_Big_3App.swift; sourceTree = "<group>"; };
		7CB871E027B33A88009D5539 /* TheBig3View.swift */ = {isa = PBXFileReference; lastKnownFileType = sourcecode.swift; path = TheBig3View.swift; sourceTree = "<group>"; };
		7CB871E127B33A89009D5539 /* Assets.xcassets */ = {isa = PBXFileReference; lastKnownFileType = folder.assetcatalog; path = Assets.xcassets; sourceTree = "<group>"; };
		7CB871E627B33A89009D5539 /* The Big 3.app */ = {isa = PBXFileReference; explicitFileType = wrapper.application; includeInIndex = 0; path = "The Big 3.app"; sourceTree = BUILT_PRODUCTS_DIR; };
		7CB8722427B33BF9009D5539 /* Planner.swift */ = {isa = PBXFileReference; lastKnownFileType = sourcecode.swift; path = Planner.swift; sourceTree = "<group>"; };
		7CB8722927B33C36009D5539 /* Plan.swift */ = {isa = PBXFileReference; lastKnownFileType = sourcecode.swift; path = Plan.swift; sourceTree = "<group>"; };
		7CB8723927B33CB9009D5539 /* PlanTests.swift */ = {isa = PBXFileReference; lastKnownFileType = sourcecode.swift; path = PlanTests.swift; sourceTree = "<group>"; };
		7CB8724A27B33D0E009D5539 /* PlannerTests.swift */ = {isa = PBXFileReference; lastKnownFileType = sourcecode.swift; path = PlannerTests.swift; sourceTree = "<group>"; };
		7CB8724D27B33DFD009D5539 /* PlannerView.swift */ = {isa = PBXFileReference; lastKnownFileType = sourcecode.swift; path = PlannerView.swift; sourceTree = "<group>"; };
		7CB8C5BD27F091DE00D60FA0 /* todo.md */ = {isa = PBXFileReference; lastKnownFileType = net.daringfireball.markdown; path = todo.md; sourceTree = "<group>"; };
		7CC63A1C294BBED200241968 /* README.md */ = {isa = PBXFileReference; lastKnownFileType = net.daringfireball.markdown; path = README.md; sourceTree = "<group>"; };
		7CCD5A26295401EC004D13D7 /* app_store.svg */ = {isa = PBXFileReference; lastKnownFileType = text; path = app_store.svg; sourceTree = "<group>"; };
		7CCD5A2729540355004D13D7 /* license.txt */ = {isa = PBXFileReference; lastKnownFileType = text; path = license.txt; sourceTree = "<group>"; };
		7CD01E88294A5D8E00C4ADC5 /* BrandedHeader.swift */ = {isa = PBXFileReference; lastKnownFileType = sourcecode.swift; path = BrandedHeader.swift; sourceTree = "<group>"; };
		7CD01E8C294A6C9600C4ADC5 /* SummationView.swift */ = {isa = PBXFileReference; lastKnownFileType = sourcecode.swift; path = SummationView.swift; sourceTree = "<group>"; };
		7CD01E8F294A72F300C4ADC5 /* Planner+SummationView.swift */ = {isa = PBXFileReference; lastKnownFileType = sourcecode.swift; path = "Planner+SummationView.swift"; sourceTree = "<group>"; };
		7CD01E92294A7DDE00C4ADC5 /* GraphicSummary.swift */ = {isa = PBXFileReference; lastKnownFileType = sourcecode.swift; path = GraphicSummary.swift; sourceTree = "<group>"; };
		7CD01E96294A80CB00C4ADC5 /* Planner+GraphicSummary.swift */ = {isa = PBXFileReference; lastKnownFileType = sourcecode.swift; path = "Planner+GraphicSummary.swift"; sourceTree = "<group>"; };
		7CD547B527E6DC760009F9DD /* LogView.swift */ = {isa = PBXFileReference; lastKnownFileType = sourcecode.swift; path = LogView.swift; sourceTree = "<group>"; };
		7CDE272F290F50EA00186BFD /* The_Big_3Tests_iOS.xctest */ = {isa = PBXFileReference; explicitFileType = wrapper.cfbundle; includeInIndex = 0; path = The_Big_3Tests_iOS.xctest; sourceTree = BUILT_PRODUCTS_DIR; };
		7CDE273C290F526300186BFD /* XCTestCase+Combine.swift */ = {isa = PBXFileReference; lastKnownFileType = sourcecode.swift; path = "XCTestCase+Combine.swift"; sourceTree = "<group>"; };
		7CE7FBF2294A4CDD00F2496B /* group_id.txt */ = {isa = PBXFileReference; fileEncoding = 4; lastKnownFileType = text; path = group_id.txt; sourceTree = "<group>"; };
		7CE7FF542943D9AC00B177E2 /* LogEntryRow.swift */ = {isa = PBXFileReference; lastKnownFileType = sourcecode.swift; path = LogEntryRow.swift; sourceTree = "<group>"; };
		7CE7FF562943E4F500B177E2 /* CompletionLog+LogView.swift */ = {isa = PBXFileReference; lastKnownFileType = sourcecode.swift; path = "CompletionLog+LogView.swift"; sourceTree = "<group>"; };
		7CEBDF22294CCF6F000038C8 /* screen recording script.txt */ = {isa = PBXFileReference; lastKnownFileType = text; path = "screen recording script.txt"; sourceTree = "<group>"; };
		7CEBDF43294CFA68000038C8 /* screenrecording_poster_frame.png */ = {isa = PBXFileReference; lastKnownFileType = image.png; path = screenrecording_poster_frame.png; sourceTree = "<group>"; };
		7CEBDF45294D3929000038C8 /* app store blurb.txt */ = {isa = PBXFileReference; lastKnownFileType = text; path = "app store blurb.txt"; sourceTree = "<group>"; };
/* End PBXFileReference section */

/* Begin PBXFrameworksBuildPhase section */
		7CA68292294633DD00BD6D12 /* Frameworks */ = {
			isa = PBXFrameworksBuildPhase;
			buildActionMask = 2147483647;
			files = (
				7CA6829A294633DD00BD6D12 /* SwiftUI.framework in Frameworks */,
				7CA68298294633DD00BD6D12 /* WidgetKit.framework in Frameworks */,
			);
			runOnlyForDeploymentPostprocessing = 0;
		};
		7CA683112947913C00BD6D12 /* Frameworks */ = {
			isa = PBXFrameworksBuildPhase;
			buildActionMask = 2147483647;
			files = (
			);
			runOnlyForDeploymentPostprocessing = 0;
		};
		7CB871E327B33A89009D5539 /* Frameworks */ = {
			isa = PBXFrameworksBuildPhase;
			buildActionMask = 2147483647;
			files = (
			);
			runOnlyForDeploymentPostprocessing = 0;
		};
		7CDE272C290F50EA00186BFD /* Frameworks */ = {
			isa = PBXFrameworksBuildPhase;
			buildActionMask = 2147483647;
			files = (
			);
			runOnlyForDeploymentPostprocessing = 0;
		};
/* End PBXFrameworksBuildPhase section */

/* Begin PBXGroup section */
		7C034B722948E7A00069B46D /* Listening for updated Reminders */ = {
			isa = PBXGroup;
			children = (
				7C034B732948E7BC0069B46D /* EventKitReminderWatcher.swift */,
			);
			path = "Listening for updated Reminders";
			sourceTree = "<group>";
		};
		7C66162C27BD36D5000AC97A /* Layouts */ = {
			isa = PBXGroup;
			children = (
				7C4EC7A927BE7C7300DF0F8D /* CountedRows.swift */,
			);
			path = Layouts;
			sourceTree = "<group>";
		};
		7C66162D27BD4F13000AC97A /* SwiftUI Additions */ = {
			isa = PBXGroup;
			children = (
				7C66162E27BD4F24000AC97A /* Animation+Constants.swift */,
				7C034B7B294A03D40069B46D /* Color+Constants.swift */,
			);
			path = "SwiftUI Additions";
			sourceTree = "<group>";
		};
		7CA259AE294B3B82008B26B8 /* Synchronizing with Watch */ = {
			isa = PBXGroup;
			children = (
				7CA6833029479A6900BD6D12 /* WatchSynchronizer.swift */,
			);
			path = "Synchronizing with Watch";
			sourceTree = "<group>";
		};
		7CA68296294633DD00BD6D12 /* Frameworks */ = {
			isa = PBXGroup;
			children = (
				7CA68297294633DD00BD6D12 /* WidgetKit.framework */,
				7CA68299294633DD00BD6D12 /* SwiftUI.framework */,
			);
			name = Frameworks;
			sourceTree = "<group>";
		};
		7CA6829B294633DD00BD6D12 /* The_Big_3_Widgets */ = {
			isa = PBXGroup;
			children = (
				7CA6829C294633DD00BD6D12 /* The_Big_3_Widgets.swift */,
				7CA682B32946372A00BD6D12 /* WidgetTimelineProvider.swift */,
				7CD01E9B294A8A7100C4ADC5 /* Model */,
				7CD01E9C294A8A8500C4ADC5 /* View */,
				7CA6829E294633DD00BD6D12 /* The_Big_3_Widgets.intentdefinition */,
				7CA6829F294633DF00BD6D12 /* Assets.xcassets */,
				7CA682A1294633DF00BD6D12 /* Info.plist */,
			);
			path = The_Big_3_Widgets;
			sourceTree = "<group>";
		};
		7CA682CF294771C900BD6D12 /* Logging Completions */ = {
			isa = PBXGroup;
			children = (
				7CA77F20290FFA4900DED944 /* CompletionLog.swift */,
				7CA22B6F2944A9AD007B404D /* JSONCompletionLogArchive.swift */,
			);
			path = "Logging Completions";
			sourceTree = "<group>";
		};
		7CA682D02947720600BD6D12 /* Listing Reminders */ = {
			isa = PBXGroup;
			children = (
				7C0FA5A5294507E700E8C88E /* EventKitReminderLister.swift */,
				7C034B702948DC3C0069B46D /* EventKitRemindersTracker.swift */,
			);
			path = "Listing Reminders";
			sourceTree = "<group>";
		};
		7CA682D12947722900BD6D12 /* Updating Reminders */ = {
			isa = PBXGroup;
			children = (
				7C0FA5AB2945510D00E8C88E /* ExternalGoalServiceUpdater.swift */,
				7C0FA5AF2945601100E8C88E /* EventKitGoalService.swift */,
			);
			path = "Updating Reminders";
			sourceTree = "<group>";
		};
		7CA682D22947726E00BD6D12 /* Planning */ = {
			isa = PBXGroup;
			children = (
				7CB8722427B33BF9009D5539 /* Planner.swift */,
				7CB8722927B33C36009D5539 /* Plan.swift */,
				7C66163127BDC340000AC97A /* PlanArchiver.swift */,
			);
			path = Planning;
			sourceTree = "<group>";
		};
		7CA682D329477BE900BD6D12 /* Planning */ = {
			isa = PBXGroup;
			children = (
				7CB8724D27B33DFD009D5539 /* PlannerView.swift */,
				7C0FA5A32944FF5A00E8C88E /* ReminderPicker.swift */,
			);
			path = Planning;
			sourceTree = "<group>";
		};
		7CA682D429477BF500BD6D12 /* Fulfilling */ = {
			isa = PBXGroup;
			children = (
				7C89F52427B4CDCD0033B8ED /* AccomplishmentsView.swift */,
				7C4707BB27B614D70080B419 /* GoalView.swift */,
			);
			path = Fulfilling;
			sourceTree = "<group>";
		};
		7CA682D529477C0500BD6D12 /* Common */ = {
			isa = PBXGroup;
			children = (
				7CA682CC29466C5700BD6D12 /* Header.swift */,
				7CD01E88294A5D8E00C4ADC5 /* BrandedHeader.swift */,
			);
			path = Common;
			sourceTree = "<group>";
		};
		7CA682D629477C0E00BD6D12 /* History */ = {
			isa = PBXGroup;
			children = (
				7CD547B527E6DC760009F9DD /* LogView.swift */,
				7CE7FF542943D9AC00B177E2 /* LogEntryRow.swift */,
			);
			path = History;
			sourceTree = "<group>";
		};
		7CA683152947913C00BD6D12 /* The_Big_3_watch Watch App */ = {
			isa = PBXGroup;
			children = (
				7CA683222947915700BD6D12 /* The_Big_3_watch Watch App.entitlements */,
				7CA683162947913C00BD6D12 /* The_Big_3_watchApp.swift */,
				7CA683292947921900BD6D12 /* Model */,
				7CA6832A2947921E00BD6D12 /* View */,
				7CA6831A2947913E00BD6D12 /* Assets.xcassets */,
				7CA6831C2947913E00BD6D12 /* Preview Content */,
			);
			path = "The_Big_3_watch Watch App";
			sourceTree = "<group>";
		};
		7CA6831C2947913E00BD6D12 /* Preview Content */ = {
			isa = PBXGroup;
			children = (
				7CA6831D2947913E00BD6D12 /* Preview Assets.xcassets */,
			);
			path = "Preview Content";
			sourceTree = "<group>";
		};
		7CA683292947921900BD6D12 /* Model */ = {
			isa = PBXGroup;
			children = (
				7CA683242947921500BD6D12 /* WatchModel.swift */,
				7CA6833229479E0A00BD6D12 /* PhoneSynchonizer.swift */,
			);
			path = Model;
			sourceTree = "<group>";
		};
		7CA6832A2947921E00BD6D12 /* View */ = {
			isa = PBXGroup;
			children = (
				7CA683232947921500BD6D12 /* TheBig3WatchView.swift */,
				7CA683252947921500BD6D12 /* NoPlanView.swift */,
				7CA259E6294B79EA008B26B8 /* WatchSummationView.swift */,
				7CA683422947ABBD00BD6D12 /* WatchPlanView.swift */,
				7C034B84294A1D4F0069B46D /* WatchToDoEditorView.swift */,
			);
			path = View;
			sourceTree = "<group>";
		};
		7CB871D927B33A88009D5539 = {
			isa = PBXGroup;
			children = (
				7CA682C42946491600BD6D12 /* The_Big_3_WidgetsExtension.entitlements */,
				7CA682C3294648F700BD6D12 /* The Big 3 (iOS).entitlements */,
				7CB8C5BD27F091DE00D60FA0 /* todo.md */,
				7CC63A1C294BBED200241968 /* README.md */,
				7C1E55B9298D541A00C64559 /* VERSIONS.md */,
				7CCD5A2729540355004D13D7 /* license.txt */,
				7CEBDF21294CCF55000038C8 /* promotional */,
				7CB871DE27B33A88009D5539 /* App */,
				7CDE2730290F50EA00186BFD /* The_Big_3Tests_iOS */,
				7CA6829B294633DD00BD6D12 /* The_Big_3_Widgets */,
				7CA683152947913C00BD6D12 /* The_Big_3_watch Watch App */,
				7CA68296294633DD00BD6D12 /* Frameworks */,
				7CB871E727B33A89009D5539 /* Products */,
			);
			sourceTree = "<group>";
		};
		7CB871DE27B33A88009D5539 /* App */ = {
			isa = PBXGroup;
			children = (
				7CB871DF27B33A88009D5539 /* The_Big_3App.swift */,
				7CB8724C27B33DEC009D5539 /* View */,
				7CB8722727B33C11009D5539 /* ViewModel */,
				7CB8722827B33C2E009D5539 /* Model */,
				7CE7FF512943747E00B177E2 /* Foundation Additions */,
				7C66162D27BD4F13000AC97A /* SwiftUI Additions */,
				7CB871E127B33A89009D5539 /* Assets.xcassets */,
			);
			path = App;
			sourceTree = "<group>";
		};
		7CB871E727B33A89009D5539 /* Products */ = {
			isa = PBXGroup;
			children = (
				7CB871E627B33A89009D5539 /* The Big 3.app */,
				7CDE272F290F50EA00186BFD /* The_Big_3Tests_iOS.xctest */,
				7CA68295294633DD00BD6D12 /* The_Big_3_WidgetsExtension.appex */,
				7CA683142947913C00BD6D12 /* The_Big_3_watch Watch App.app */,
			);
			name = Products;
			sourceTree = "<group>";
		};
		7CB8722727B33C11009D5539 /* ViewModel */ = {
			isa = PBXGroup;
			children = (
				7C0A092327B3854000F2C688 /* Planner+PlannerView.swift */,
				7C0032CF27B4D257007E37D0 /* Planner+AccomplishmentsView.swift */,
				7CD01E8F294A72F300C4ADC5 /* Planner+SummationView.swift */,
				7CD01E96294A80CB00C4ADC5 /* Planner+GraphicSummary.swift */,
				7CA259E2294B6D61008B26B8 /* Planner+WidgetSummationView.swift */,
				7C034B80294A12360069B46D /* Planner+WatchPlanView.swift */,
				7CA682C0294645D600BD6D12 /* Planner+GoalView.swift */,
				7CE7FF562943E4F500B177E2 /* CompletionLog+LogView.swift */,
				7C9930F3299E68B000544696 /* EventKitReminderLister+ReminderPickerViewModel.swift */,
			);
			path = ViewModel;
			sourceTree = "<group>";
		};
		7CB8722827B33C2E009D5539 /* Model */ = {
			isa = PBXGroup;
			children = (
				7C4EC7A627BE714400DF0F8D /* AppModel.swift */,
				7CA682B92946429500BD6D12 /* ModelConstants.swift */,
				7CA682D22947726E00BD6D12 /* Planning */,
				7CA682CF294771C900BD6D12 /* Logging Completions */,
				7CA259AE294B3B82008B26B8 /* Synchronizing with Watch */,
				7CA682D02947720600BD6D12 /* Listing Reminders */,
				7CA682D12947722900BD6D12 /* Updating Reminders */,
				7C034B722948E7A00069B46D /* Listening for updated Reminders */,
				7C0FA5A12944F44300E8C88E /* TestingFlags.swift */,
				7CE7FBF1294A4C5B00F2496B /* Resources */,
			);
			path = Model;
			sourceTree = "<group>";
		};
		7CB8724C27B33DEC009D5539 /* View */ = {
			isa = PBXGroup;
			children = (
				7CA682C72946546C00BD6D12 /* ViewConstants.swift */,
				7CB871E027B33A88009D5539 /* TheBig3View.swift */,
				7CA682D329477BE900BD6D12 /* Planning */,
				7CA682D429477BF500BD6D12 /* Fulfilling */,
				7CD01E8B294A6C8200C4ADC5 /* Reviewing */,
				7CA682D629477C0E00BD6D12 /* History */,
				7CA682D529477C0500BD6D12 /* Common */,
				7C66162C27BD36D5000AC97A /* Layouts */,
			);
			path = View;
			sourceTree = "<group>";
		};
		7CCD5A25295401D6004D13D7 /* badges */ = {
			isa = PBXGroup;
			children = (
				7CCD5A26295401EC004D13D7 /* app_store.svg */,
			);
			path = badges;
			sourceTree = "<group>";
		};
		7CD01E8B294A6C8200C4ADC5 /* Reviewing */ = {
			isa = PBXGroup;
			children = (
				7CD01E8C294A6C9600C4ADC5 /* SummationView.swift */,
				7CD01E92294A7DDE00C4ADC5 /* GraphicSummary.swift */,
			);
			path = Reviewing;
			sourceTree = "<group>";
		};
		7CD01E9B294A8A7100C4ADC5 /* Model */ = {
			isa = PBXGroup;
			children = (
				7CA682AB2946352A00BD6D12 /* WidgetModel.swift */,
				7CA682C529464E6C00BD6D12 /* Plan+WidgetExamples.swift */,
			);
			path = Model;
			sourceTree = "<group>";
		};
		7CD01E9C294A8A8500C4ADC5 /* View */ = {
			isa = PBXGroup;
			children = (
				7CA682B52946380600BD6D12 /* WidgetView.swift */,
				7CA682CA29465DD000BD6D12 /* PlanPromptWidgetView.swift */,
				7CA259DF294B6C64008B26B8 /* WidgetSummationView.swift */,
				7CA682B7294641E300BD6D12 /* WidgetPlanView.swift */,
			);
			path = View;
			sourceTree = "<group>";
		};
		7CDE2730290F50EA00186BFD /* The_Big_3Tests_iOS */ = {
			isa = PBXGroup;
			children = (
				7CB8723927B33CB9009D5539 /* PlanTests.swift */,
				7CB8724A27B33D0E009D5539 /* PlannerTests.swift */,
				7C66163427BDC350000AC97A /* PlanArchiverTest.swift */,
				7C0A092627B3857300F2C688 /* Planner+PlannerViewTests.swift */,
				7CA77F22290FFA5D00DED944 /* CompletionLogTests.swift */,
				7CA22B712944AA27007B404D /* JSONCompletionLogArchiveTests.swift */,
				7CDE273E290F52DF00186BFD /* XCTest Additions */,
				7C0FA5AD2945519000E8C88E /* ExternalGoalServiceUpdaterTests.swift */,
			);
			path = The_Big_3Tests_iOS;
			sourceTree = "<group>";
		};
		7CDE273E290F52DF00186BFD /* XCTest Additions */ = {
			isa = PBXGroup;
			children = (
				7CDE273C290F526300186BFD /* XCTestCase+Combine.swift */,
				7C0FA59C2944D61000E8C88E /* XCTest+AsynAwait.swift */,
			);
			path = "XCTest Additions";
			sourceTree = "<group>";
		};
		7CE7FBF1294A4C5B00F2496B /* Resources */ = {
			isa = PBXGroup;
			children = (
				7CE7FBF2294A4CDD00F2496B /* group_id.txt */,
			);
			path = Resources;
			sourceTree = "<group>";
		};
		7CE7FF512943747E00B177E2 /* Foundation Additions */ = {
			isa = PBXGroup;
			children = (
				7C66163627BDC8CD000AC97A /* UserDefaults+Codable.swift */,
				7CA259AF294B3F14008B26B8 /* Dictionary+Codable.swift */,
			);
			path = "Foundation Additions";
			sourceTree = "<group>";
		};
		7CEBDF21294CCF55000038C8 /* promotional */ = {
			isa = PBXGroup;
			children = (
				7CEBDF22294CCF6F000038C8 /* screen recording script.txt */,
				7CEBDF45294D3929000038C8 /* app store blurb.txt */,
				7CCD5A25295401D6004D13D7 /* badges */,
				7CEBDF41294CF8A2000038C8 /* screenshots */,
			);
			path = promotional;
			sourceTree = "<group>";
		};
		7CEBDF41294CF8A2000038C8 /* screenshots */ = {
			isa = PBXGroup;
			children = (
				7CEBDF43294CFA68000038C8 /* screenrecording_poster_frame.png */,
			);
			path = screenshots;
			sourceTree = "<group>";
		};
/* End PBXGroup section */

/* Begin PBXNativeTarget section */
		7CA68294294633DD00BD6D12 /* The_Big_3_WidgetsExtension */ = {
			isa = PBXNativeTarget;
			buildConfigurationList = 7CA682AA294633DF00BD6D12 /* Build configuration list for PBXNativeTarget "The_Big_3_WidgetsExtension" */;
			buildPhases = (
				7CA68291294633DD00BD6D12 /* Sources */,
				7CA68292294633DD00BD6D12 /* Frameworks */,
				7CA68293294633DD00BD6D12 /* Resources */,
			);
			buildRules = (
			);
			dependencies = (
			);
			name = The_Big_3_WidgetsExtension;
			productName = The_Big_3_WidgetsExtension;
			productReference = 7CA68295294633DD00BD6D12 /* The_Big_3_WidgetsExtension.appex */;
			productType = "com.apple.product-type.app-extension";
		};
		7CA683132947913C00BD6D12 /* The_Big_3_watch Watch App */ = {
			isa = PBXNativeTarget;
			buildConfigurationList = 7CA683212947913E00BD6D12 /* Build configuration list for PBXNativeTarget "The_Big_3_watch Watch App" */;
			buildPhases = (
				7CA683102947913C00BD6D12 /* Sources */,
				7CA683112947913C00BD6D12 /* Frameworks */,
				7CA683122947913C00BD6D12 /* Resources */,
			);
			buildRules = (
			);
			dependencies = (
			);
			name = "The_Big_3_watch Watch App";
			productName = "The_Big_3_watch Watch App";
			productReference = 7CA683142947913C00BD6D12 /* The_Big_3_watch Watch App.app */;
			productType = "com.apple.product-type.application";
		};
		7CB871E527B33A89009D5539 /* The Big 3 (iOS) */ = {
			isa = PBXNativeTarget;
			buildConfigurationList = 7CB8720F27B33A89009D5539 /* Build configuration list for PBXNativeTarget "The Big 3 (iOS)" */;
			buildPhases = (
				7CB871E227B33A89009D5539 /* Sources */,
				7CB871E327B33A89009D5539 /* Frameworks */,
				7CB871E427B33A89009D5539 /* Resources */,
				7CA682A7294633DF00BD6D12 /* Embed Foundation Extensions */,
				7CA683382947A63100BD6D12 /* CopyFiles */,
			);
			buildRules = (
			);
			dependencies = (
				7CA683372947A5F600BD6D12 /* PBXTargetDependency */,
				7CA682A5294633DF00BD6D12 /* PBXTargetDependency */,
			);
			name = "The Big 3 (iOS)";
			productName = "The Big 3 (iOS)";
			productReference = 7CB871E627B33A89009D5539 /* The Big 3.app */;
			productType = "com.apple.product-type.application";
		};
		7CDE272E290F50EA00186BFD /* The_Big_3Tests_iOS */ = {
			isa = PBXNativeTarget;
			buildConfigurationList = 7CDE2735290F50EA00186BFD /* Build configuration list for PBXNativeTarget "The_Big_3Tests_iOS" */;
			buildPhases = (
				7CDE272B290F50EA00186BFD /* Sources */,
				7CDE272C290F50EA00186BFD /* Frameworks */,
				7CDE272D290F50EA00186BFD /* Resources */,
			);
			buildRules = (
			);
			dependencies = (
				7CDE2734290F50EA00186BFD /* PBXTargetDependency */,
			);
			name = The_Big_3Tests_iOS;
			productName = The_Big_3Tests_iOS;
			productReference = 7CDE272F290F50EA00186BFD /* The_Big_3Tests_iOS.xctest */;
			productType = "com.apple.product-type.bundle.unit-test";
		};
/* End PBXNativeTarget section */

/* Begin PBXProject section */
		7CB871DA27B33A88009D5539 /* Project object */ = {
			isa = PBXProject;
			attributes = {
				BuildIndependentTargetsInParallel = 1;
				LastSwiftUpdateCheck = 1400;
				LastUpgradeCheck = 1400;
				TargetAttributes = {
					7CA68294294633DD00BD6D12 = {
						CreatedOnToolsVersion = 14.0.1;
					};
					7CA683132947913C00BD6D12 = {
						CreatedOnToolsVersion = 14.0.1;
					};
					7CB871E527B33A89009D5539 = {
						CreatedOnToolsVersion = 13.2.1;
					};
					7CDE272E290F50EA00186BFD = {
						CreatedOnToolsVersion = 14.0.1;
						TestTargetID = 7CB871E527B33A89009D5539;
					};
				};
			};
			buildConfigurationList = 7CB871DD27B33A88009D5539 /* Build configuration list for PBXProject "The Big 3" */;
			compatibilityVersion = "Xcode 13.0";
			developmentRegion = en;
			hasScannedForEncodings = 0;
			knownRegions = (
				en,
				Base,
			);
			mainGroup = 7CB871D927B33A88009D5539;
			productRefGroup = 7CB871E727B33A89009D5539 /* Products */;
			projectDirPath = "";
			projectRoot = "";
			targets = (
				7CB871E527B33A89009D5539 /* The Big 3 (iOS) */,
				7CDE272E290F50EA00186BFD /* The_Big_3Tests_iOS */,
				7CA68294294633DD00BD6D12 /* The_Big_3_WidgetsExtension */,
				7CA683132947913C00BD6D12 /* The_Big_3_watch Watch App */,
			);
		};
/* End PBXProject section */

/* Begin PBXResourcesBuildPhase section */
		7CA68293294633DD00BD6D12 /* Resources */ = {
			isa = PBXResourcesBuildPhase;
			buildActionMask = 2147483647;
			files = (
				7CA682A0294633DF00BD6D12 /* Assets.xcassets in Resources */,
				7CE7FBF4294A4D7100F2496B /* group_id.txt in Resources */,
			);
			runOnlyForDeploymentPostprocessing = 0;
		};
		7CA683122947913C00BD6D12 /* Resources */ = {
			isa = PBXResourcesBuildPhase;
			buildActionMask = 2147483647;
			files = (
				7CA6831E2947913E00BD6D12 /* Preview Assets.xcassets in Resources */,
				7CA6831B2947913E00BD6D12 /* Assets.xcassets in Resources */,
			);
			runOnlyForDeploymentPostprocessing = 0;
		};
		7CB871E427B33A89009D5539 /* Resources */ = {
			isa = PBXResourcesBuildPhase;
			buildActionMask = 2147483647;
			files = (
				7CB8720B27B33A89009D5539 /* Assets.xcassets in Resources */,
				7CE7FBF3294A4CDD00F2496B /* group_id.txt in Resources */,
				7CEBDF44294CFA68000038C8 /* screenrecording_poster_frame.png in Resources */,
			);
			runOnlyForDeploymentPostprocessing = 0;
		};
		7CDE272D290F50EA00186BFD /* Resources */ = {
			isa = PBXResourcesBuildPhase;
			buildActionMask = 2147483647;
			files = (
			);
			runOnlyForDeploymentPostprocessing = 0;
		};
/* End PBXResourcesBuildPhase section */

/* Begin PBXSourcesBuildPhase section */
		7CA68291294633DD00BD6D12 /* Sources */ = {
			isa = PBXSourcesBuildPhase;
			buildActionMask = 2147483647;
			files = (
				7CA682B42946372A00BD6D12 /* WidgetTimelineProvider.swift in Sources */,
				7CA259E3294B6D61008B26B8 /* Planner+WidgetSummationView.swift in Sources */,
				7CA682D729477CA500BD6D12 /* GoalView.swift in Sources */,
				7CA682AD2946358300BD6D12 /* Planner.swift in Sources */,
				7CA682B62946380600BD6D12 /* WidgetView.swift in Sources */,
				7CA259E0294B6C64008B26B8 /* WidgetSummationView.swift in Sources */,
				7CA682BA2946429500BD6D12 /* ModelConstants.swift in Sources */,
				7CD01E9D294A8B8400C4ADC5 /* BrandedHeader.swift in Sources */,
				7CA682AC2946352A00BD6D12 /* WidgetModel.swift in Sources */,
				7CA682BE2946456900BD6D12 /* Animation+Constants.swift in Sources */,
				7C034B7D294A03D40069B46D /* Color+Constants.swift in Sources */,
				7CD01E95294A809400C4ADC5 /* GraphicSummary.swift in Sources */,
				7CA682C82946546C00BD6D12 /* ViewConstants.swift in Sources */,
				7CD01E99294A812500C4ADC5 /* Planner+GraphicSummary.swift in Sources */,
				7CA682B0294635BF00BD6D12 /* UserDefaults+Codable.swift in Sources */,
				7CA6829D294633DD00BD6D12 /* The_Big_3_Widgets.swift in Sources */,
				7CA682A2294633DF00BD6D12 /* The_Big_3_Widgets.intentdefinition in Sources */,
				7CA259E1294B6D23008B26B8 /* Header.swift in Sources */,
				7CA682C1294645D600BD6D12 /* Planner+GoalView.swift in Sources */,
				7CA682CB29465DD000BD6D12 /* PlanPromptWidgetView.swift in Sources */,
				7CA682AF2946359500BD6D12 /* PlanArchiver.swift in Sources */,
				7CA682AE2946358A00BD6D12 /* Plan.swift in Sources */,
				7CA682C629464E6C00BD6D12 /* Plan+WidgetExamples.swift in Sources */,
				7CA682B8294641E300BD6D12 /* WidgetPlanView.swift in Sources */,
			);
			runOnlyForDeploymentPostprocessing = 0;
		};
		7CA683102947913C00BD6D12 /* Sources */ = {
			isa = PBXSourcesBuildPhase;
			buildActionMask = 2147483647;
			files = (
				7CA259E9294B7A70008B26B8 /* Planner+GraphicSummary.swift in Sources */,
				7CA6832C2947924200BD6D12 /* Planner.swift in Sources */,
				7C034B7A294A00F40069B46D /* GoalView.swift in Sources */,
				7CA259E7294B79EA008B26B8 /* WatchSummationView.swift in Sources */,
				7C034B772949EF920069B46D /* Animation+Constants.swift in Sources */,
				7CA683262947921500BD6D12 /* TheBig3WatchView.swift in Sources */,
				7CA6832B2947924200BD6D12 /* Plan.swift in Sources */,
				7CD01E8A294A5D8E00C4ADC5 /* BrandedHeader.swift in Sources */,
				7CA6832D2947924200BD6D12 /* PlanArchiver.swift in Sources */,
				7C034B7E294A03D40069B46D /* Color+Constants.swift in Sources */,
				7CA259B1294B3F14008B26B8 /* Dictionary+Codable.swift in Sources */,
				7CA683472947B14000BD6D12 /* ViewConstants.swift in Sources */,
				7CA259E8294B7A55008B26B8 /* GraphicSummary.swift in Sources */,
				7CA6833329479E0A00BD6D12 /* PhoneSynchonizer.swift in Sources */,
				7C034B83294A12360069B46D /* Planner+WatchPlanView.swift in Sources */,
				7CA683172947913C00BD6D12 /* The_Big_3_watchApp.swift in Sources */,
				7CA6832E2947924900BD6D12 /* ModelConstants.swift in Sources */,
				7C034B7F294A10AF0069B46D /* CountedRows.swift in Sources */,
				7CA683272947921500BD6D12 /* WatchModel.swift in Sources */,
				7C034B85294A1D4F0069B46D /* WatchToDoEditorView.swift in Sources */,
				7C034B752949EF5F0069B46D /* Header.swift in Sources */,
				7CA683282947921500BD6D12 /* NoPlanView.swift in Sources */,
				7CA683452947AC2100BD6D12 /* Planner+GoalView.swift in Sources */,
				7CA6832F2947924E00BD6D12 /* UserDefaults+Codable.swift in Sources */,
				7CA683432947ABBD00BD6D12 /* WatchPlanView.swift in Sources */,
			);
			runOnlyForDeploymentPostprocessing = 0;
		};
		7CB871E227B33A89009D5539 /* Sources */ = {
			isa = PBXSourcesBuildPhase;
			buildActionMask = 2147483647;
			files = (
				7C0A092427B3854000F2C688 /* Planner+PlannerView.swift in Sources */,
				7CD01E8D294A6C9600C4ADC5 /* SummationView.swift in Sources */,
				7CD01E93294A7DDE00C4ADC5 /* GraphicSummary.swift in Sources */,
				7C034B7C294A03D40069B46D /* Color+Constants.swift in Sources */,
				7CA22B702944A9AD007B404D /* JSONCompletionLogArchive.swift in Sources */,
				7C66163727BDC8CD000AC97A /* UserDefaults+Codable.swift in Sources */,
				7CD01E90294A72F300C4ADC5 /* Planner+SummationView.swift in Sources */,
				7CE7FF572943E4F500B177E2 /* CompletionLog+LogView.swift in Sources */,
				7C66162F27BD4F24000AC97A /* Animation+Constants.swift in Sources */,
				7CB8722A27B33C36009D5539 /* Plan.swift in Sources */,
				7C034B742948E7BC0069B46D /* EventKitReminderWatcher.swift in Sources */,
				7C4EC7AA27BE7C7300DF0F8D /* CountedRows.swift in Sources */,
				7CD547B627E6DC760009F9DD /* LogView.swift in Sources */,
				7C9930F4299E68B000544696 /* EventKitReminderLister+ReminderPickerViewModel.swift in Sources */,
				7CB8724E27B33DFD009D5539 /* PlannerView.swift in Sources */,
				7C034B712948DC3C0069B46D /* EventKitRemindersTracker.swift in Sources */,
				7C0FA5A22944F44300E8C88E /* TestingFlags.swift in Sources */,
				7CD01E89294A5D8E00C4ADC5 /* BrandedHeader.swift in Sources */,
				7CA682CE29466CA400BD6D12 /* Header.swift in Sources */,
				7CA682C2294645EB00BD6D12 /* Planner+GoalView.swift in Sources */,
				7C66163227BDC340000AC97A /* PlanArchiver.swift in Sources */,
				7C0FA5A42944FF5A00E8C88E /* ReminderPicker.swift in Sources */,
				7CB8720927B33A89009D5539 /* TheBig3View.swift in Sources */,
				7C0FA5AC2945510D00E8C88E /* ExternalGoalServiceUpdater.swift in Sources */,
				7C4EC7A727BE714400DF0F8D /* AppModel.swift in Sources */,
				7CB8720727B33A89009D5539 /* The_Big_3App.swift in Sources */,
				7CA77F21290FFA4900DED944 /* CompletionLog.swift in Sources */,
				7C0032D027B4D257007E37D0 /* Planner+AccomplishmentsView.swift in Sources */,
				7CA682BC2946430E00BD6D12 /* ModelConstants.swift in Sources */,
				7CA6833129479A6900BD6D12 /* WatchSynchronizer.swift in Sources */,
				7C0FA5A6294507E700E8C88E /* EventKitReminderLister.swift in Sources */,
				7CB8722527B33BF9009D5539 /* Planner.swift in Sources */,
				7C0FA5B02945601100E8C88E /* EventKitGoalService.swift in Sources */,
				7CA259B0294B3F14008B26B8 /* Dictionary+Codable.swift in Sources */,
				7C4707BC27B614D70080B419 /* GoalView.swift in Sources */,
				7CA682C9294654A500BD6D12 /* ViewConstants.swift in Sources */,
				7CD01E97294A80CB00C4ADC5 /* Planner+GraphicSummary.swift in Sources */,
				7CE7FF552943D9AC00B177E2 /* LogEntryRow.swift in Sources */,
				7C89F52527B4CDCD0033B8ED /* AccomplishmentsView.swift in Sources */,
				7CA682A3294633DF00BD6D12 /* The_Big_3_Widgets.intentdefinition in Sources */,
			);
			runOnlyForDeploymentPostprocessing = 0;
		};
		7CDE272B290F50EA00186BFD /* Sources */ = {
			isa = PBXSourcesBuildPhase;
			buildActionMask = 2147483647;
			files = (
				7C0FA59D2944D61000E8C88E /* XCTest+AsynAwait.swift in Sources */,
				7CA22B722944AA27007B404D /* JSONCompletionLogArchiveTests.swift in Sources */,
				7CDE273A290F512E00186BFD /* PlanTests.swift in Sources */,
				7CDE273D290F526300186BFD /* XCTestCase+Combine.swift in Sources */,
				7CDE2738290F512E00186BFD /* Planner+PlannerViewTests.swift in Sources */,
				7CDE273B290F512E00186BFD /* PlanArchiverTest.swift in Sources */,
				7CDE2739290F512E00186BFD /* PlannerTests.swift in Sources */,
				7CA77F23290FFA5D00DED944 /* CompletionLogTests.swift in Sources */,
				7C0FA5AE2945519000E8C88E /* ExternalGoalServiceUpdaterTests.swift in Sources */,
			);
			runOnlyForDeploymentPostprocessing = 0;
		};
/* End PBXSourcesBuildPhase section */

/* Begin PBXTargetDependency section */
		7CA682A5294633DF00BD6D12 /* PBXTargetDependency */ = {
			isa = PBXTargetDependency;
			target = 7CA68294294633DD00BD6D12 /* The_Big_3_WidgetsExtension */;
			targetProxy = 7CA682A4294633DF00BD6D12 /* PBXContainerItemProxy */;
		};
		7CA683372947A5F600BD6D12 /* PBXTargetDependency */ = {
			isa = PBXTargetDependency;
			target = 7CA683132947913C00BD6D12 /* The_Big_3_watch Watch App */;
			targetProxy = 7CA683362947A5F600BD6D12 /* PBXContainerItemProxy */;
		};
		7CDE2734290F50EA00186BFD /* PBXTargetDependency */ = {
			isa = PBXTargetDependency;
			target = 7CB871E527B33A89009D5539 /* The Big 3 (iOS) */;
			targetProxy = 7CDE2733290F50EA00186BFD /* PBXContainerItemProxy */;
		};
/* End PBXTargetDependency section */

/* Begin XCBuildConfiguration section */
		7CA682A8294633DF00BD6D12 /* Debug */ = {
			isa = XCBuildConfiguration;
			buildSettings = {
				ASSETCATALOG_COMPILER_GLOBAL_ACCENT_COLOR_NAME = AccentColor;
				ASSETCATALOG_COMPILER_WIDGET_BACKGROUND_COLOR_NAME = WidgetBackground;
				CLANG_CXX_LANGUAGE_STANDARD = "gnu++20";
				CODE_SIGN_ENTITLEMENTS = The_Big_3_WidgetsExtension.entitlements;
				CODE_SIGN_STYLE = Automatic;
				CURRENT_PROJECT_VERSION = 1;
				DEVELOPMENT_TEAM = 7HAJV4F6VL;
				GENERATE_INFOPLIST_FILE = YES;
				INFOPLIST_FILE = The_Big_3_Widgets/Info.plist;
				INFOPLIST_KEY_CFBundleDisplayName = The_Big_3_Widgets;
				INFOPLIST_KEY_NSHumanReadableCopyright = "";
				IPHONEOS_DEPLOYMENT_TARGET = 16.0;
				LD_RUNPATH_SEARCH_PATHS = (
					"$(inherited)",
					"@executable_path/Frameworks",
					"@executable_path/../../Frameworks",
				);
				MARKETING_VERSION = 1.0;
				PRODUCT_BUNDLE_IDENTIFIER = "com.oldjewel.The-Big-3.The-Big-3-Widgets";
				PRODUCT_NAME = "$(TARGET_NAME)";
				SDKROOT = iphoneos;
				SKIP_INSTALL = YES;
				SWIFT_EMIT_LOC_STRINGS = YES;
				SWIFT_VERSION = 5.0;
				TARGETED_DEVICE_FAMILY = "1,2";
			};
			name = Debug;
		};
		7CA682A9294633DF00BD6D12 /* Release */ = {
			isa = XCBuildConfiguration;
			buildSettings = {
				ASSETCATALOG_COMPILER_GLOBAL_ACCENT_COLOR_NAME = AccentColor;
				ASSETCATALOG_COMPILER_WIDGET_BACKGROUND_COLOR_NAME = WidgetBackground;
				CLANG_CXX_LANGUAGE_STANDARD = "gnu++20";
				CODE_SIGN_ENTITLEMENTS = The_Big_3_WidgetsExtension.entitlements;
				CODE_SIGN_STYLE = Automatic;
				CURRENT_PROJECT_VERSION = 1;
				DEVELOPMENT_TEAM = 7HAJV4F6VL;
				GENERATE_INFOPLIST_FILE = YES;
				INFOPLIST_FILE = The_Big_3_Widgets/Info.plist;
				INFOPLIST_KEY_CFBundleDisplayName = The_Big_3_Widgets;
				INFOPLIST_KEY_NSHumanReadableCopyright = "";
				IPHONEOS_DEPLOYMENT_TARGET = 16.0;
				LD_RUNPATH_SEARCH_PATHS = (
					"$(inherited)",
					"@executable_path/Frameworks",
					"@executable_path/../../Frameworks",
				);
				MARKETING_VERSION = 1.0;
				PRODUCT_BUNDLE_IDENTIFIER = "com.oldjewel.The-Big-3.The-Big-3-Widgets";
				PRODUCT_NAME = "$(TARGET_NAME)";
				SDKROOT = iphoneos;
				SKIP_INSTALL = YES;
				SWIFT_EMIT_LOC_STRINGS = YES;
				SWIFT_VERSION = 5.0;
				TARGETED_DEVICE_FAMILY = "1,2";
				VALIDATE_PRODUCT = YES;
			};
			name = Release;
		};
		7CA6831F2947913E00BD6D12 /* Debug */ = {
			isa = XCBuildConfiguration;
			buildSettings = {
				ASSETCATALOG_COMPILER_APPICON_NAME = AppIcon;
				ASSETCATALOG_COMPILER_GLOBAL_ACCENT_COLOR_NAME = AccentColor;
				CLANG_CXX_LANGUAGE_STANDARD = "gnu++20";
				CODE_SIGN_ENTITLEMENTS = "The_Big_3_watch Watch App/The_Big_3_watch Watch App.entitlements";
				CODE_SIGN_STYLE = Automatic;
				CURRENT_PROJECT_VERSION = 1;
				DEVELOPMENT_ASSET_PATHS = "\"The_Big_3_watch Watch App/Preview Content\"";
				DEVELOPMENT_TEAM = 7HAJV4F6VL;
				ENABLE_PREVIEWS = YES;
				GENERATE_INFOPLIST_FILE = YES;
				INFOPLIST_KEY_CFBundleDisplayName = The_Big_3_watch;
				INFOPLIST_KEY_UISupportedInterfaceOrientations = "UIInterfaceOrientationPortrait UIInterfaceOrientationPortraitUpsideDown";
				INFOPLIST_KEY_WKCompanionAppBundleIdentifier = "com.oldjewel.The-Big-3";
				LD_RUNPATH_SEARCH_PATHS = (
					"$(inherited)",
					"@executable_path/Frameworks",
				);
				MARKETING_VERSION = 1.0;
				PRODUCT_BUNDLE_IDENTIFIER = "com.oldjewel.The-Big-3.watchkitapp";
				PRODUCT_NAME = "$(TARGET_NAME)";
				SDKROOT = watchos;
				SKIP_INSTALL = YES;
				SWIFT_EMIT_LOC_STRINGS = YES;
				SWIFT_VERSION = 5.0;
				TARGETED_DEVICE_FAMILY = 4;
				WATCHOS_DEPLOYMENT_TARGET = 9.0;
			};
			name = Debug;
		};
		7CA683202947913E00BD6D12 /* Release */ = {
			isa = XCBuildConfiguration;
			buildSettings = {
				ASSETCATALOG_COMPILER_APPICON_NAME = AppIcon;
				ASSETCATALOG_COMPILER_GLOBAL_ACCENT_COLOR_NAME = AccentColor;
				CLANG_CXX_LANGUAGE_STANDARD = "gnu++20";
				CODE_SIGN_ENTITLEMENTS = "The_Big_3_watch Watch App/The_Big_3_watch Watch App.entitlements";
				CODE_SIGN_STYLE = Automatic;
				CURRENT_PROJECT_VERSION = 1;
				DEVELOPMENT_ASSET_PATHS = "\"The_Big_3_watch Watch App/Preview Content\"";
				DEVELOPMENT_TEAM = 7HAJV4F6VL;
				ENABLE_PREVIEWS = YES;
				GENERATE_INFOPLIST_FILE = YES;
				INFOPLIST_KEY_CFBundleDisplayName = The_Big_3_watch;
				INFOPLIST_KEY_UISupportedInterfaceOrientations = "UIInterfaceOrientationPortrait UIInterfaceOrientationPortraitUpsideDown";
				INFOPLIST_KEY_WKCompanionAppBundleIdentifier = "com.oldjewel.The-Big-3";
				LD_RUNPATH_SEARCH_PATHS = (
					"$(inherited)",
					"@executable_path/Frameworks",
				);
				MARKETING_VERSION = 1.0;
				PRODUCT_BUNDLE_IDENTIFIER = "com.oldjewel.The-Big-3.watchkitapp";
				PRODUCT_NAME = "$(TARGET_NAME)";
				SDKROOT = watchos;
				SKIP_INSTALL = YES;
				SWIFT_EMIT_LOC_STRINGS = YES;
				SWIFT_VERSION = 5.0;
				TARGETED_DEVICE_FAMILY = 4;
				VALIDATE_PRODUCT = YES;
				WATCHOS_DEPLOYMENT_TARGET = 9.0;
			};
			name = Release;
		};
		7CB8720D27B33A89009D5539 /* Debug */ = {
			isa = XCBuildConfiguration;
			buildSettings = {
				ALWAYS_SEARCH_USER_PATHS = NO;
				CLANG_ANALYZER_NONNULL = YES;
				CLANG_ANALYZER_NUMBER_OBJECT_CONVERSION = YES_AGGRESSIVE;
				CLANG_CXX_LANGUAGE_STANDARD = "gnu++17";
				CLANG_CXX_LIBRARY = "libc++";
				CLANG_ENABLE_MODULES = YES;
				CLANG_ENABLE_OBJC_ARC = YES;
				CLANG_ENABLE_OBJC_WEAK = YES;
				CLANG_WARN_BLOCK_CAPTURE_AUTORELEASING = YES;
				CLANG_WARN_BOOL_CONVERSION = YES;
				CLANG_WARN_COMMA = YES;
				CLANG_WARN_CONSTANT_CONVERSION = YES;
				CLANG_WARN_DEPRECATED_OBJC_IMPLEMENTATIONS = YES;
				CLANG_WARN_DIRECT_OBJC_ISA_USAGE = YES_ERROR;
				CLANG_WARN_DOCUMENTATION_COMMENTS = YES;
				CLANG_WARN_EMPTY_BODY = YES;
				CLANG_WARN_ENUM_CONVERSION = YES;
				CLANG_WARN_INFINITE_RECURSION = YES;
				CLANG_WARN_INT_CONVERSION = YES;
				CLANG_WARN_NON_LITERAL_NULL_CONVERSION = YES;
				CLANG_WARN_OBJC_IMPLICIT_RETAIN_SELF = YES;
				CLANG_WARN_OBJC_LITERAL_CONVERSION = YES;
				CLANG_WARN_OBJC_ROOT_CLASS = YES_ERROR;
				CLANG_WARN_QUOTED_INCLUDE_IN_FRAMEWORK_HEADER = YES;
				CLANG_WARN_RANGE_LOOP_ANALYSIS = YES;
				CLANG_WARN_STRICT_PROTOTYPES = YES;
				CLANG_WARN_SUSPICIOUS_MOVE = YES;
				CLANG_WARN_UNGUARDED_AVAILABILITY = YES_AGGRESSIVE;
				CLANG_WARN_UNREACHABLE_CODE = YES;
				CLANG_WARN__DUPLICATE_METHOD_MATCH = YES;
				COPY_PHASE_STRIP = NO;
				DEAD_CODE_STRIPPING = YES;
				DEBUG_INFORMATION_FORMAT = dwarf;
				ENABLE_STRICT_OBJC_MSGSEND = YES;
				ENABLE_TESTABILITY = YES;
				GCC_C_LANGUAGE_STANDARD = gnu11;
				GCC_DYNAMIC_NO_PIC = NO;
				GCC_NO_COMMON_BLOCKS = YES;
				GCC_OPTIMIZATION_LEVEL = 0;
				GCC_PREPROCESSOR_DEFINITIONS = (
					"DEBUG=1",
					"$(inherited)",
				);
				GCC_WARN_64_TO_32_BIT_CONVERSION = YES;
				GCC_WARN_ABOUT_RETURN_TYPE = YES_ERROR;
				GCC_WARN_UNDECLARED_SELECTOR = YES;
				GCC_WARN_UNINITIALIZED_AUTOS = YES_AGGRESSIVE;
				GCC_WARN_UNUSED_FUNCTION = YES;
				GCC_WARN_UNUSED_VARIABLE = YES;
				MTL_ENABLE_DEBUG_INFO = INCLUDE_SOURCE;
				MTL_FAST_MATH = YES;
				ONLY_ACTIVE_ARCH = YES;
				SWIFT_ACTIVE_COMPILATION_CONDITIONS = DEBUG;
				SWIFT_OPTIMIZATION_LEVEL = "-Onone";
			};
			name = Debug;
		};
		7CB8720E27B33A89009D5539 /* Release */ = {
			isa = XCBuildConfiguration;
			buildSettings = {
				ALWAYS_SEARCH_USER_PATHS = NO;
				CLANG_ANALYZER_NONNULL = YES;
				CLANG_ANALYZER_NUMBER_OBJECT_CONVERSION = YES_AGGRESSIVE;
				CLANG_CXX_LANGUAGE_STANDARD = "gnu++17";
				CLANG_CXX_LIBRARY = "libc++";
				CLANG_ENABLE_MODULES = YES;
				CLANG_ENABLE_OBJC_ARC = YES;
				CLANG_ENABLE_OBJC_WEAK = YES;
				CLANG_WARN_BLOCK_CAPTURE_AUTORELEASING = YES;
				CLANG_WARN_BOOL_CONVERSION = YES;
				CLANG_WARN_COMMA = YES;
				CLANG_WARN_CONSTANT_CONVERSION = YES;
				CLANG_WARN_DEPRECATED_OBJC_IMPLEMENTATIONS = YES;
				CLANG_WARN_DIRECT_OBJC_ISA_USAGE = YES_ERROR;
				CLANG_WARN_DOCUMENTATION_COMMENTS = YES;
				CLANG_WARN_EMPTY_BODY = YES;
				CLANG_WARN_ENUM_CONVERSION = YES;
				CLANG_WARN_INFINITE_RECURSION = YES;
				CLANG_WARN_INT_CONVERSION = YES;
				CLANG_WARN_NON_LITERAL_NULL_CONVERSION = YES;
				CLANG_WARN_OBJC_IMPLICIT_RETAIN_SELF = YES;
				CLANG_WARN_OBJC_LITERAL_CONVERSION = YES;
				CLANG_WARN_OBJC_ROOT_CLASS = YES_ERROR;
				CLANG_WARN_QUOTED_INCLUDE_IN_FRAMEWORK_HEADER = YES;
				CLANG_WARN_RANGE_LOOP_ANALYSIS = YES;
				CLANG_WARN_STRICT_PROTOTYPES = YES;
				CLANG_WARN_SUSPICIOUS_MOVE = YES;
				CLANG_WARN_UNGUARDED_AVAILABILITY = YES_AGGRESSIVE;
				CLANG_WARN_UNREACHABLE_CODE = YES;
				CLANG_WARN__DUPLICATE_METHOD_MATCH = YES;
				COPY_PHASE_STRIP = NO;
				DEAD_CODE_STRIPPING = YES;
				DEBUG_INFORMATION_FORMAT = "dwarf-with-dsym";
				ENABLE_NS_ASSERTIONS = NO;
				ENABLE_STRICT_OBJC_MSGSEND = YES;
				GCC_C_LANGUAGE_STANDARD = gnu11;
				GCC_NO_COMMON_BLOCKS = YES;
				GCC_WARN_64_TO_32_BIT_CONVERSION = YES;
				GCC_WARN_ABOUT_RETURN_TYPE = YES_ERROR;
				GCC_WARN_UNDECLARED_SELECTOR = YES;
				GCC_WARN_UNINITIALIZED_AUTOS = YES_AGGRESSIVE;
				GCC_WARN_UNUSED_FUNCTION = YES;
				GCC_WARN_UNUSED_VARIABLE = YES;
				MTL_ENABLE_DEBUG_INFO = NO;
				MTL_FAST_MATH = YES;
				SWIFT_COMPILATION_MODE = wholemodule;
				SWIFT_OPTIMIZATION_LEVEL = "-O";
			};
			name = Release;
		};
		7CB8721027B33A89009D5539 /* Debug */ = {
			isa = XCBuildConfiguration;
			buildSettings = {
				ALWAYS_EMBED_SWIFT_STANDARD_LIBRARIES = YES;
				ASSETCATALOG_COMPILER_APPICON_NAME = AppIcon;
				ASSETCATALOG_COMPILER_GLOBAL_ACCENT_COLOR_NAME = AccentColor;
				CODE_SIGN_ENTITLEMENTS = "The Big 3 (iOS).entitlements";
				CODE_SIGN_STYLE = Automatic;
				CURRENT_PROJECT_VERSION = 1;
				DEVELOPMENT_TEAM = 7HAJV4F6VL;
				ENABLE_PREVIEWS = YES;
				GENERATE_INFOPLIST_FILE = YES;
				INFOPLIST_KEY_NSRemindersUsageDescription = "Let you choose reminders that you've created in your Reminders app.";
				INFOPLIST_KEY_UIApplicationSceneManifest_Generation = YES;
				INFOPLIST_KEY_UIApplicationSupportsIndirectInputEvents = YES;
				INFOPLIST_KEY_UILaunchScreen_Generation = YES;
				INFOPLIST_KEY_UISupportedInterfaceOrientations = UIInterfaceOrientationPortrait;
				INFOPLIST_KEY_UISupportedInterfaceOrientations_iPad = "UIInterfaceOrientationLandscapeLeft UIInterfaceOrientationLandscapeRight UIInterfaceOrientationPortrait UIInterfaceOrientationPortraitUpsideDown";
				IPHONEOS_DEPLOYMENT_TARGET = 16.0;
				LD_RUNPATH_SEARCH_PATHS = (
					"$(inherited)",
					"@executable_path/Frameworks",
				);
				MARKETING_VERSION = 1.0.1;
				PRODUCT_BUNDLE_IDENTIFIER = "com.oldjewel.The-Big-3";
				PRODUCT_NAME = "The Big 3";
				SDKROOT = iphoneos;
				SUPPORTED_PLATFORMS = "iphoneos iphonesimulator";
				SUPPORTS_MACCATALYST = NO;
				SUPPORTS_MAC_DESIGNED_FOR_IPHONE_IPAD = NO;
				SWIFT_EMIT_LOC_STRINGS = YES;
				SWIFT_VERSION = 5.0;
				TARGETED_DEVICE_FAMILY = "1,2";
			};
			name = Debug;
		};
		7CB8721127B33A89009D5539 /* Release */ = {
			isa = XCBuildConfiguration;
			buildSettings = {
				ALWAYS_EMBED_SWIFT_STANDARD_LIBRARIES = YES;
				ASSETCATALOG_COMPILER_APPICON_NAME = AppIcon;
				ASSETCATALOG_COMPILER_GLOBAL_ACCENT_COLOR_NAME = AccentColor;
				CODE_SIGN_ENTITLEMENTS = "The Big 3 (iOS).entitlements";
				CODE_SIGN_STYLE = Automatic;
				CURRENT_PROJECT_VERSION = 1;
				DEVELOPMENT_TEAM = 7HAJV4F6VL;
				ENABLE_PREVIEWS = YES;
				GENERATE_INFOPLIST_FILE = YES;
				INFOPLIST_KEY_NSRemindersUsageDescription = "Let you choose reminders that you've created in your Reminders app.";
				INFOPLIST_KEY_UIApplicationSceneManifest_Generation = YES;
				INFOPLIST_KEY_UIApplicationSupportsIndirectInputEvents = YES;
				INFOPLIST_KEY_UILaunchScreen_Generation = YES;
				INFOPLIST_KEY_UISupportedInterfaceOrientations = UIInterfaceOrientationPortrait;
				INFOPLIST_KEY_UISupportedInterfaceOrientations_iPad = "UIInterfaceOrientationLandscapeLeft UIInterfaceOrientationLandscapeRight UIInterfaceOrientationPortrait UIInterfaceOrientationPortraitUpsideDown";
				IPHONEOS_DEPLOYMENT_TARGET = 16.0;
				LD_RUNPATH_SEARCH_PATHS = (
					"$(inherited)",
					"@executable_path/Frameworks",
				);
				MARKETING_VERSION = 1.0.1;
				PRODUCT_BUNDLE_IDENTIFIER = "com.oldjewel.The-Big-3";
				PRODUCT_NAME = "The Big 3";
				SDKROOT = iphoneos;
				SUPPORTED_PLATFORMS = "iphoneos iphonesimulator";
				SUPPORTS_MACCATALYST = NO;
				SUPPORTS_MAC_DESIGNED_FOR_IPHONE_IPAD = NO;
				SWIFT_EMIT_LOC_STRINGS = YES;
				SWIFT_VERSION = 5.0;
				TARGETED_DEVICE_FAMILY = "1,2";
				VALIDATE_PRODUCT = YES;
			};
			name = Release;
		};
		7CDE2736290F50EA00186BFD /* Debug */ = {
			isa = XCBuildConfiguration;
			buildSettings = {
				BUNDLE_LOADER = "$(TEST_HOST)";
				CLANG_CXX_LANGUAGE_STANDARD = "gnu++20";
				CODE_SIGN_STYLE = Automatic;
				CURRENT_PROJECT_VERSION = 1;
				DEVELOPMENT_TEAM = BU47XE2F27;
				GENERATE_INFOPLIST_FILE = YES;
				IPHONEOS_DEPLOYMENT_TARGET = 16.0;
				MARKETING_VERSION = 1.0;
				PRODUCT_BUNDLE_IDENTIFIER = "com.jaywardell.The-Big-3Tests-iOS";
				PRODUCT_NAME = "$(TARGET_NAME)";
				SDKROOT = iphoneos;
				SWIFT_EMIT_LOC_STRINGS = NO;
				SWIFT_VERSION = 5.0;
				TARGETED_DEVICE_FAMILY = "1,2";
				TEST_HOST = "$(BUILT_PRODUCTS_DIR)/The Big 3.app/$(BUNDLE_EXECUTABLE_FOLDER_PATH)/The Big 3";
			};
			name = Debug;
		};
		7CDE2737290F50EA00186BFD /* Release */ = {
			isa = XCBuildConfiguration;
			buildSettings = {
				BUNDLE_LOADER = "$(TEST_HOST)";
				CLANG_CXX_LANGUAGE_STANDARD = "gnu++20";
				CODE_SIGN_STYLE = Automatic;
				CURRENT_PROJECT_VERSION = 1;
				DEVELOPMENT_TEAM = BU47XE2F27;
				GENERATE_INFOPLIST_FILE = YES;
				IPHONEOS_DEPLOYMENT_TARGET = 16.0;
				MARKETING_VERSION = 1.0;
				PRODUCT_BUNDLE_IDENTIFIER = "com.jaywardell.The-Big-3Tests-iOS";
				PRODUCT_NAME = "$(TARGET_NAME)";
				SDKROOT = iphoneos;
				SWIFT_EMIT_LOC_STRINGS = NO;
				SWIFT_VERSION = 5.0;
				TARGETED_DEVICE_FAMILY = "1,2";
				TEST_HOST = "$(BUILT_PRODUCTS_DIR)/The Big 3.app/$(BUNDLE_EXECUTABLE_FOLDER_PATH)/The Big 3";
				VALIDATE_PRODUCT = YES;
			};
			name = Release;
		};
/* End XCBuildConfiguration section */

/* Begin XCConfigurationList section */
		7CA682AA294633DF00BD6D12 /* Build configuration list for PBXNativeTarget "The_Big_3_WidgetsExtension" */ = {
			isa = XCConfigurationList;
			buildConfigurations = (
				7CA682A8294633DF00BD6D12 /* Debug */,
				7CA682A9294633DF00BD6D12 /* Release */,
			);
			defaultConfigurationIsVisible = 0;
			defaultConfigurationName = Release;
		};
		7CA683212947913E00BD6D12 /* Build configuration list for PBXNativeTarget "The_Big_3_watch Watch App" */ = {
			isa = XCConfigurationList;
			buildConfigurations = (
				7CA6831F2947913E00BD6D12 /* Debug */,
				7CA683202947913E00BD6D12 /* Release */,
			);
			defaultConfigurationIsVisible = 0;
			defaultConfigurationName = Release;
		};
		7CB871DD27B33A88009D5539 /* Build configuration list for PBXProject "The Big 3" */ = {
			isa = XCConfigurationList;
			buildConfigurations = (
				7CB8720D27B33A89009D5539 /* Debug */,
				7CB8720E27B33A89009D5539 /* Release */,
			);
			defaultConfigurationIsVisible = 0;
			defaultConfigurationName = Release;
		};
		7CB8720F27B33A89009D5539 /* Build configuration list for PBXNativeTarget "The Big 3 (iOS)" */ = {
			isa = XCConfigurationList;
			buildConfigurations = (
				7CB8721027B33A89009D5539 /* Debug */,
				7CB8721127B33A89009D5539 /* Release */,
			);
			defaultConfigurationIsVisible = 0;
			defaultConfigurationName = Release;
		};
		7CDE2735290F50EA00186BFD /* Build configuration list for PBXNativeTarget "The_Big_3Tests_iOS" */ = {
			isa = XCConfigurationList;
			buildConfigurations = (
				7CDE2736290F50EA00186BFD /* Debug */,
				7CDE2737290F50EA00186BFD /* Release */,
			);
			defaultConfigurationIsVisible = 0;
			defaultConfigurationName = Release;
		};
/* End XCConfigurationList section */
	};
	rootObject = 7CB871DA27B33A88009D5539 /* Project object */;
}
